// !$*UTF8*$!
{
	archiveVersion = 1;
	classes = {
	};
	objectVersion = 56;
	objects = {

/* Begin PBXBuildFile section */
		520A8DBC2A808E270049FBB1 /* CartViewController.swift in Sources */ = {isa = PBXBuildFile; fileRef = 520A8DBB2A808E270049FBB1 /* CartViewController.swift */; };
		520A8DBE2A8097BD0049FBB1 /* OrderConfimed.storyboard in Resources */ = {isa = PBXBuildFile; fileRef = 520A8DBD2A8097BD0049FBB1 /* OrderConfimed.storyboard */; };
		520A8DC02A8097F90049FBB1 /* OrderConfirmedViewController.swift in Sources */ = {isa = PBXBuildFile; fileRef = 520A8DBF2A8097F90049FBB1 /* OrderConfirmedViewController.swift */; };
		520A8DC22A80A0470049FBB1 /* Address.storyboard in Resources */ = {isa = PBXBuildFile; fileRef = 520A8DC12A80A0470049FBB1 /* Address.storyboard */; };
		520A8DC42A80A06D0049FBB1 /* AddressViewController.swift in Sources */ = {isa = PBXBuildFile; fileRef = 520A8DC32A80A06D0049FBB1 /* AddressViewController.swift */; };
		52134B9D2A7477E100B87588 /* UserDefault.swift in Sources */ = {isa = PBXBuildFile; fileRef = 52134B9C2A7477E100B87588 /* UserDefault.swift */; };
		52134B9F2A7486BC00B87588 /* ProfileViewController.swift in Sources */ = {isa = PBXBuildFile; fileRef = 52134B9E2A7486BC00B87588 /* ProfileViewController.swift */; };
		5223473A2A8324490058DE16 /* CreditCardCollectionViewCell.swift in Sources */ = {isa = PBXBuildFile; fileRef = 522347382A8324490058DE16 /* CreditCardCollectionViewCell.swift */; };
		5223473B2A8324490058DE16 /* CreditCardCollectionViewCell.xib in Resources */ = {isa = PBXBuildFile; fileRef = 522347392A8324490058DE16 /* CreditCardCollectionViewCell.xib */; };
		52241F6D2A846FC200E42C11 /* DetailFavViewController.swift in Sources */ = {isa = PBXBuildFile; fileRef = 52241F6C2A846FC200E42C11 /* DetailFavViewController.swift */; };
		52241F702A84772D00E42C11 /* SnackBar in Frameworks */ = {isa = PBXBuildFile; productRef = 52241F6F2A84772D00E42C11 /* SnackBar */; };
		52241F722A84774F00E42C11 /* SnackBar.swift in Sources */ = {isa = PBXBuildFile; fileRef = 52241F712A84774F00E42C11 /* SnackBar.swift */; };
		5234E6292A80ACD800F855BD /* SizeCollectionViewCell.xib in Resources */ = {isa = PBXBuildFile; fileRef = 5234E6262A80ACD800F855BD /* SizeCollectionViewCell.xib */; };
		5234E62A2A80ACD800F855BD /* SizeCollectionViewCell.swift in Sources */ = {isa = PBXBuildFile; fileRef = 5234E6272A80ACD800F855BD /* SizeCollectionViewCell.swift */; };
		5234E62B2A80ACD800F855BD /* DetailViewController.swift in Sources */ = {isa = PBXBuildFile; fileRef = 5234E6282A80ACD800F855BD /* DetailViewController.swift */; };
		523AD8E92A73B16D005FACAD /* UserModel.swift in Sources */ = {isa = PBXBuildFile; fileRef = 523AD8E82A73B16D005FACAD /* UserModel.swift */; };
		523AD8F12A73B44B005FACAD /* Detail.storyboard in Resources */ = {isa = PBXBuildFile; fileRef = 523AD8F02A73B44B005FACAD /* Detail.storyboard */; };
		52444CC42A78B7B2000BFC87 /* CategoryCollectionViewCell.swift in Sources */ = {isa = PBXBuildFile; fileRef = 52444CC22A78B7B2000BFC87 /* CategoryCollectionViewCell.swift */; };
		52444CC52A78B7B2000BFC87 /* CategoryCollectionViewCell.xib in Resources */ = {isa = PBXBuildFile; fileRef = 52444CC32A78B7B2000BFC87 /* CategoryCollectionViewCell.xib */; };
		52444CCC2A78B7F4000BFC87 /* ProCollectionViewCell.swift in Sources */ = {isa = PBXBuildFile; fileRef = 52444CCA2A78B7F4000BFC87 /* ProCollectionViewCell.swift */; };
		52444CCD2A78B7F4000BFC87 /* ProCollectionViewCell.xib in Resources */ = {isa = PBXBuildFile; fileRef = 52444CCB2A78B7F4000BFC87 /* ProCollectionViewCell.xib */; };
		52444CD12A78BA09000BFC87 /* NestedViewController.swift in Sources */ = {isa = PBXBuildFile; fileRef = 52444CD02A78BA09000BFC87 /* NestedViewController.swift */; };
		52444CD82A78BB6E000BFC87 /* ProTableViewCell.swift in Sources */ = {isa = PBXBuildFile; fileRef = 52444CD62A78BB6E000BFC87 /* ProTableViewCell.swift */; };
		52444CD92A78BB6E000BFC87 /* ProTableViewCell.xib in Resources */ = {isa = PBXBuildFile; fileRef = 52444CD72A78BB6E000BFC87 /* ProTableViewCell.xib */; };
		52444CDC2A78BB87000BFC87 /* CategoryTableViewCell.swift in Sources */ = {isa = PBXBuildFile; fileRef = 52444CDA2A78BB87000BFC87 /* CategoryTableViewCell.swift */; };
		52444CDD2A78BB87000BFC87 /* CategoryTableViewCell.xib in Resources */ = {isa = PBXBuildFile; fileRef = 52444CDB2A78BB87000BFC87 /* CategoryTableViewCell.xib */; };
		524548392A8CFE4E0055B2D3 /* ForgotPasswordModel.swift in Sources */ = {isa = PBXBuildFile; fileRef = 524548382A8CFE4E0055B2D3 /* ForgotPasswordModel.swift */; };
		5245483B2A8CFEC40055B2D3 /* VerificationModel.swift in Sources */ = {isa = PBXBuildFile; fileRef = 5245483A2A8CFEC40055B2D3 /* VerificationModel.swift */; };
		5245483D2A8D096F0055B2D3 /* MyProfileModel.swift in Sources */ = {isa = PBXBuildFile; fileRef = 5245483C2A8D096F0055B2D3 /* MyProfileModel.swift */; };
		5245483F2A8D0CB30055B2D3 /* SideMenuModel.swift in Sources */ = {isa = PBXBuildFile; fileRef = 5245483E2A8D0CB30055B2D3 /* SideMenuModel.swift */; };
		524548412A8D0DA10055B2D3 /* NestedViewModel.swift in Sources */ = {isa = PBXBuildFile; fileRef = 524548402A8D0DA10055B2D3 /* NestedViewModel.swift */; };
		524548432A8DAB5D0055B2D3 /* KeychainManager.swift in Sources */ = {isa = PBXBuildFile; fileRef = 524548422A8DAB5D0055B2D3 /* KeychainManager.swift */; };
		52527E442A7A2AAA00CDAD49 /* SideMenu in Frameworks */ = {isa = PBXBuildFile; productRef = 52527E432A7A2AAA00CDAD49 /* SideMenu */; };
		52527E462A7A3AF600CDAD49 /* SideViewController.swift in Sources */ = {isa = PBXBuildFile; fileRef = 52527E452A7A3AF600CDAD49 /* SideViewController.swift */; };
		52533EAE2A89BC7800D08E82 /* Product.swift in Sources */ = {isa = PBXBuildFile; fileRef = 52533EAD2A89BC7800D08E82 /* Product.swift */; };
		52533EB02A89C71A00D08E82 /* Brand.swift in Sources */ = {isa = PBXBuildFile; fileRef = 52533EAF2A89C71A00D08E82 /* Brand.swift */; };
		52533EB22A89CBC600D08E82 /* Size.swift in Sources */ = {isa = PBXBuildFile; fileRef = 52533EB12A89CBC600D08E82 /* Size.swift */; };
		5266BF242A8C6E4C0099A876 /* WelcomeViewModel.swift in Sources */ = {isa = PBXBuildFile; fileRef = 5266BF232A8C6E4C0099A876 /* WelcomeViewModel.swift */; };
		5266BF292A8C7B7C0099A876 /* MyProfileViewController.swift in Sources */ = {isa = PBXBuildFile; fileRef = 5266BF282A8C7B7C0099A876 /* MyProfileViewController.swift */; };
		5266BF2B2A8C9A9F0099A876 /* UserManager.swift in Sources */ = {isa = PBXBuildFile; fileRef = 5266BF2A2A8C9A9F0099A876 /* UserManager.swift */; };
		526757702A723DBE000BB555 /* ShopModel.swift in Sources */ = {isa = PBXBuildFile; fileRef = 5267576F2A723DBE000BB555 /* ShopModel.swift */; };
		5267C6422A77412000A44BDD /* MenuViewController.swift in Sources */ = {isa = PBXBuildFile; fileRef = 5267C6412A77412000A44BDD /* MenuViewController.swift */; };
		52708F832A89DA2400A9ABCC /* Login.swift in Sources */ = {isa = PBXBuildFile; fileRef = 52708F822A89DA2300A9ABCC /* Login.swift */; };
		52708F852A89E0F700A9ABCC /* Detail Products.swift in Sources */ = {isa = PBXBuildFile; fileRef = 52708F842A89E0F700A9ABCC /* Detail Products.swift */; };
		52708F872A8A17B500A9ABCC /* SignUp.swift in Sources */ = {isa = PBXBuildFile; fileRef = 52708F862A8A17B500A9ABCC /* SignUp.swift */; };
		52708F892A8A282800A9ABCC /* SignUpViewModel.swift in Sources */ = {isa = PBXBuildFile; fileRef = 52708F882A8A282800A9ABCC /* SignUpViewModel.swift */; };
		52728AE22A77A21100519DE0 /* HomeViewModel.swift in Sources */ = {isa = PBXBuildFile; fileRef = 52728AE12A77A21100519DE0 /* HomeViewModel.swift */; };
		5275ABBA2A7762FD0016C424 /* FavoriteViewController.swift in Sources */ = {isa = PBXBuildFile; fileRef = 5275ABB92A7762FD0016C424 /* FavoriteViewController.swift */; };
		527B77232A8B457C00FE04BA /* DPOTPView in Frameworks */ = {isa = PBXBuildFile; productRef = 527B77222A8B457C00FE04BA /* DPOTPView */; };
		527F9AF92A7B647D00AC520C /* Reviews.storyboard in Resources */ = {isa = PBXBuildFile; fileRef = 527F9AF82A7B647D00AC520C /* Reviews.storyboard */; };
		527F9B042A7B7D6D00AC520C /* extension.swift in Sources */ = {isa = PBXBuildFile; fileRef = 527F9B032A7B7D6D00AC520C /* extension.swift */; };
		527F9B082A7B90E000AC520C /* ReviewsTableViewCell.swift in Sources */ = {isa = PBXBuildFile; fileRef = 527F9B062A7B90E000AC520C /* ReviewsTableViewCell.swift */; };
		527F9B092A7B90E000AC520C /* ReviewsTableViewCell.xib in Resources */ = {isa = PBXBuildFile; fileRef = 527F9B072A7B90E000AC520C /* ReviewsTableViewCell.xib */; };
		527F9B0D2A7B942C00AC520C /* ReviewViewController.swift in Sources */ = {isa = PBXBuildFile; fileRef = 527F9B0C2A7B942C00AC520C /* ReviewViewController.swift */; };
		527F9B0F2A7BAAFA00AC520C /* AddReviewViewController.swift in Sources */ = {isa = PBXBuildFile; fileRef = 527F9B0E2A7BAAFA00AC520C /* AddReviewViewController.swift */; };
		5290BB1C2A8334900042A32A /* PaymentMethodeViewController.swift in Sources */ = {isa = PBXBuildFile; fileRef = 5290BB1B2A8334900042A32A /* PaymentMethodeViewController.swift */; };
		5290BB272A83816C0042A32A /* ListAddressViewController.swift in Sources */ = {isa = PBXBuildFile; fileRef = 5290BB262A83816C0042A32A /* ListAddressViewController.swift */; };
		5290BB2A2A8381850042A32A /* ListAddressTableViewCell.swift in Sources */ = {isa = PBXBuildFile; fileRef = 5290BB282A8381850042A32A /* ListAddressTableViewCell.swift */; };
		5290BB2B2A8381850042A32A /* ListAddressTableViewCell.xib in Resources */ = {isa = PBXBuildFile; fileRef = 5290BB292A8381850042A32A /* ListAddressTableViewCell.xib */; };
		52AAEC7F2A80E00400903342 /* FavoriteCollectionViewCell.swift in Sources */ = {isa = PBXBuildFile; fileRef = 52AAEC7D2A80E00400903342 /* FavoriteCollectionViewCell.swift */; };
		52AAEC802A80E00400903342 /* FavoriteCollectionViewCell.xib in Resources */ = {isa = PBXBuildFile; fileRef = 52AAEC7E2A80E00400903342 /* FavoriteCollectionViewCell.xib */; };
		52AAEC822A80EBCE00903342 /* Payment.storyboard in Resources */ = {isa = PBXBuildFile; fileRef = 52AAEC812A80EBCE00903342 /* Payment.storyboard */; };
		52AAEC842A80EF9800903342 /* PaymentViewController.swift in Sources */ = {isa = PBXBuildFile; fileRef = 52AAEC832A80EF9800903342 /* PaymentViewController.swift */; };
		52AAEC862A80EFA900903342 /* AddPaymentViewController.swift in Sources */ = {isa = PBXBuildFile; fileRef = 52AAEC852A80EFA900903342 /* AddPaymentViewController.swift */; };
		52B277DD2A82887700614179 /* Extension.swift in Sources */ = {isa = PBXBuildFile; fileRef = 52B277DC2A82887700614179 /* Extension.swift */; };
		52B277E02A82893600614179 /* SDWebImage in Frameworks */ = {isa = PBXBuildFile; productRef = 52B277DF2A82893600614179 /* SDWebImage */; };
		52B277E22A82893600614179 /* SDWebImageMapKit in Frameworks */ = {isa = PBXBuildFile; productRef = 52B277E12A82893600614179 /* SDWebImageMapKit */; };
		52B3F7C32A86197100F1CCED /* Cosmos in Frameworks */ = {isa = PBXBuildFile; productRef = 52B3F7C22A86197100F1CCED /* Cosmos */; };
		52D4D29F2A8B788E00A9AE83 /* NewPassViewModel.swift in Sources */ = {isa = PBXBuildFile; fileRef = 52D4D29E2A8B788E00A9AE83 /* NewPassViewModel.swift */; };
		52EF386E2A72125400446F31 /* AppDelegate.swift in Sources */ = {isa = PBXBuildFile; fileRef = 52EF386D2A72125400446F31 /* AppDelegate.swift */; };
		52EF38702A72125400446F31 /* SceneDelegate.swift in Sources */ = {isa = PBXBuildFile; fileRef = 52EF386F2A72125400446F31 /* SceneDelegate.swift */; };
		52EF38782A72125400446F31 /* Laza.xcdatamodeld in Sources */ = {isa = PBXBuildFile; fileRef = 52EF38762A72125400446F31 /* Laza.xcdatamodeld */; };
		52EF38882A72146B00446F31 /* LaunchScreen.storyboard in Resources */ = {isa = PBXBuildFile; fileRef = 52EF38872A72146B00446F31 /* LaunchScreen.storyboard */; };
		52EF388C2A72148800446F31 /* SignUp.storyboard in Resources */ = {isa = PBXBuildFile; fileRef = 52EF388B2A72148800446F31 /* SignUp.storyboard */; };
		52EF388E2A72148D00446F31 /* Welcome.storyboard in Resources */ = {isa = PBXBuildFile; fileRef = 52EF388D2A72148D00446F31 /* Welcome.storyboard */; };
		52EF38902A72149200446F31 /* TabBar.storyboard in Resources */ = {isa = PBXBuildFile; fileRef = 52EF388F2A72149200446F31 /* TabBar.storyboard */; };
		52EF38942A7214CC00446F31 /* ViewController.swift in Sources */ = {isa = PBXBuildFile; fileRef = 52EF38932A7214CC00446F31 /* ViewController.swift */; };
		52EF389A2A7214D600446F31 /* WelcomeViewController.swift in Sources */ = {isa = PBXBuildFile; fileRef = 52EF38962A7214D500446F31 /* WelcomeViewController.swift */; };
		52EF389B2A7214D600446F31 /* SignUpViewController.swift in Sources */ = {isa = PBXBuildFile; fileRef = 52EF38972A7214D500446F31 /* SignUpViewController.swift */; };
		52EF389C2A7214D600446F31 /* LoginViewController.swift in Sources */ = {isa = PBXBuildFile; fileRef = 52EF38982A7214D600446F31 /* LoginViewController.swift */; };
		52EF389E2A72150D00446F31 /* Main.storyboard in Resources */ = {isa = PBXBuildFile; fileRef = 52EF389D2A72150C00446F31 /* Main.storyboard */; };
		52EF38A02A72152900446F31 /* Assets.xcassets in Resources */ = {isa = PBXBuildFile; fileRef = 52EF389F2A72152900446F31 /* Assets.xcassets */; };
		52EF38A22A72163900446F31 /* ForgotPassword.storyboard in Resources */ = {isa = PBXBuildFile; fileRef = 52EF38A12A72163900446F31 /* ForgotPassword.storyboard */; };
		52EF38A42A72165E00446F31 /* ForgotPwdViewController.swift in Sources */ = {isa = PBXBuildFile; fileRef = 52EF38A32A72165E00446F31 /* ForgotPwdViewController.swift */; };
		52EF38A82A7225BF00446F31 /* TabBarViewController.swift in Sources */ = {isa = PBXBuildFile; fileRef = 52EF38A72A7225BF00446F31 /* TabBarViewController.swift */; };
		52EF38AA2A7229D300446F31 /* HomeViewController.swift in Sources */ = {isa = PBXBuildFile; fileRef = 52EF38A92A7229D300446F31 /* HomeViewController.swift */; };
		52F456D92A7C94B800F565D9 /* VerificationCodeViewController.swift in Sources */ = {isa = PBXBuildFile; fileRef = 52F456D82A7C94B800F565D9 /* VerificationCodeViewController.swift */; };
		52F456DB2A7C951700F565D9 /* NewPasswordViewController.swift in Sources */ = {isa = PBXBuildFile; fileRef = 52F456DA2A7C951700F565D9 /* NewPasswordViewController.swift */; };
		52F456DD2A7CAEAA00F565D9 /* Slider.swift in Sources */ = {isa = PBXBuildFile; fileRef = 52F456DC2A7CAEA900F565D9 /* Slider.swift */; };
		52F5464B2A80A6A8001B3C88 /* CartTableViewCell.swift in Sources */ = {isa = PBXBuildFile; fileRef = 52F546492A80A6A8001B3C88 /* CartTableViewCell.swift */; };
		52F5464C2A80A6A8001B3C88 /* CartTableViewCell.xib in Resources */ = {isa = PBXBuildFile; fileRef = 52F5464A2A80A6A8001B3C88 /* CartTableViewCell.xib */; };
		52FFFF552A78F17E009C07EB /* Api.swift in Sources */ = {isa = PBXBuildFile; fileRef = 52FFFF542A78F17E009C07EB /* Api.swift */; };
		95BD1E19824C6C83D4743E49 /* Pods_Laza.framework in Frameworks */ = {isa = PBXBuildFile; fileRef = 5886F5C889B7EBC36794D9DD /* Pods_Laza.framework */; };
/* End PBXBuildFile section */

/* Begin PBXFileReference section */
		520A8DBB2A808E270049FBB1 /* CartViewController.swift */ = {isa = PBXFileReference; lastKnownFileType = sourcecode.swift; path = CartViewController.swift; sourceTree = "<group>"; };
		520A8DBD2A8097BD0049FBB1 /* OrderConfimed.storyboard */ = {isa = PBXFileReference; lastKnownFileType = file.storyboard; path = OrderConfimed.storyboard; sourceTree = "<group>"; };
		520A8DBF2A8097F90049FBB1 /* OrderConfirmedViewController.swift */ = {isa = PBXFileReference; lastKnownFileType = sourcecode.swift; path = OrderConfirmedViewController.swift; sourceTree = "<group>"; };
		520A8DC12A80A0470049FBB1 /* Address.storyboard */ = {isa = PBXFileReference; lastKnownFileType = file.storyboard; path = Address.storyboard; sourceTree = "<group>"; };
		520A8DC32A80A06D0049FBB1 /* AddressViewController.swift */ = {isa = PBXFileReference; lastKnownFileType = sourcecode.swift; path = AddressViewController.swift; sourceTree = "<group>"; };
		52134B9C2A7477E100B87588 /* UserDefault.swift */ = {isa = PBXFileReference; lastKnownFileType = sourcecode.swift; path = UserDefault.swift; sourceTree = "<group>"; };
		52134B9E2A7486BC00B87588 /* ProfileViewController.swift */ = {isa = PBXFileReference; lastKnownFileType = sourcecode.swift; path = ProfileViewController.swift; sourceTree = "<group>"; };
		522347382A8324490058DE16 /* CreditCardCollectionViewCell.swift */ = {isa = PBXFileReference; lastKnownFileType = sourcecode.swift; path = CreditCardCollectionViewCell.swift; sourceTree = "<group>"; };
		522347392A8324490058DE16 /* CreditCardCollectionViewCell.xib */ = {isa = PBXFileReference; lastKnownFileType = file.xib; path = CreditCardCollectionViewCell.xib; sourceTree = "<group>"; };
		52241F6C2A846FC200E42C11 /* DetailFavViewController.swift */ = {isa = PBXFileReference; lastKnownFileType = sourcecode.swift; path = DetailFavViewController.swift; sourceTree = "<group>"; };
		52241F712A84774F00E42C11 /* SnackBar.swift */ = {isa = PBXFileReference; lastKnownFileType = sourcecode.swift; path = SnackBar.swift; sourceTree = "<group>"; };
		5234E6262A80ACD800F855BD /* SizeCollectionViewCell.xib */ = {isa = PBXFileReference; fileEncoding = 4; lastKnownFileType = file.xib; path = SizeCollectionViewCell.xib; sourceTree = "<group>"; };
		5234E6272A80ACD800F855BD /* SizeCollectionViewCell.swift */ = {isa = PBXFileReference; fileEncoding = 4; lastKnownFileType = sourcecode.swift; path = SizeCollectionViewCell.swift; sourceTree = "<group>"; };
		5234E6282A80ACD800F855BD /* DetailViewController.swift */ = {isa = PBXFileReference; fileEncoding = 4; lastKnownFileType = sourcecode.swift; path = DetailViewController.swift; sourceTree = "<group>"; };
		523AD8E82A73B16D005FACAD /* UserModel.swift */ = {isa = PBXFileReference; lastKnownFileType = sourcecode.swift; path = UserModel.swift; sourceTree = "<group>"; };
		523AD8F02A73B44B005FACAD /* Detail.storyboard */ = {isa = PBXFileReference; lastKnownFileType = file.storyboard; path = Detail.storyboard; sourceTree = "<group>"; };
		52444CC02A78B600000BFC87 /* Info.plist */ = {isa = PBXFileReference; lastKnownFileType = text.plist.xml; name = Info.plist; path = Laza/Info.plist; sourceTree = "<group>"; };
		52444CC22A78B7B2000BFC87 /* CategoryCollectionViewCell.swift */ = {isa = PBXFileReference; lastKnownFileType = sourcecode.swift; path = CategoryCollectionViewCell.swift; sourceTree = "<group>"; };
		52444CC32A78B7B2000BFC87 /* CategoryCollectionViewCell.xib */ = {isa = PBXFileReference; lastKnownFileType = file.xib; path = CategoryCollectionViewCell.xib; sourceTree = "<group>"; };
		52444CCA2A78B7F4000BFC87 /* ProCollectionViewCell.swift */ = {isa = PBXFileReference; lastKnownFileType = sourcecode.swift; path = ProCollectionViewCell.swift; sourceTree = "<group>"; };
		52444CCB2A78B7F4000BFC87 /* ProCollectionViewCell.xib */ = {isa = PBXFileReference; lastKnownFileType = file.xib; path = ProCollectionViewCell.xib; sourceTree = "<group>"; };
		52444CD02A78BA09000BFC87 /* NestedViewController.swift */ = {isa = PBXFileReference; lastKnownFileType = sourcecode.swift; path = NestedViewController.swift; sourceTree = "<group>"; };
		52444CD62A78BB6E000BFC87 /* ProTableViewCell.swift */ = {isa = PBXFileReference; lastKnownFileType = sourcecode.swift; path = ProTableViewCell.swift; sourceTree = "<group>"; };
		52444CD72A78BB6E000BFC87 /* ProTableViewCell.xib */ = {isa = PBXFileReference; lastKnownFileType = file.xib; path = ProTableViewCell.xib; sourceTree = "<group>"; };
		52444CDA2A78BB87000BFC87 /* CategoryTableViewCell.swift */ = {isa = PBXFileReference; lastKnownFileType = sourcecode.swift; path = CategoryTableViewCell.swift; sourceTree = "<group>"; };
		52444CDB2A78BB87000BFC87 /* CategoryTableViewCell.xib */ = {isa = PBXFileReference; lastKnownFileType = file.xib; path = CategoryTableViewCell.xib; sourceTree = "<group>"; };
		524548382A8CFE4E0055B2D3 /* ForgotPasswordModel.swift */ = {isa = PBXFileReference; lastKnownFileType = sourcecode.swift; path = ForgotPasswordModel.swift; sourceTree = "<group>"; };
		5245483A2A8CFEC40055B2D3 /* VerificationModel.swift */ = {isa = PBXFileReference; lastKnownFileType = sourcecode.swift; path = VerificationModel.swift; sourceTree = "<group>"; };
		5245483C2A8D096F0055B2D3 /* MyProfileModel.swift */ = {isa = PBXFileReference; lastKnownFileType = sourcecode.swift; path = MyProfileModel.swift; sourceTree = "<group>"; };
		5245483E2A8D0CB30055B2D3 /* SideMenuModel.swift */ = {isa = PBXFileReference; lastKnownFileType = sourcecode.swift; path = SideMenuModel.swift; sourceTree = "<group>"; };
		524548402A8D0DA10055B2D3 /* NestedViewModel.swift */ = {isa = PBXFileReference; lastKnownFileType = sourcecode.swift; path = NestedViewModel.swift; sourceTree = "<group>"; };
		524548422A8DAB5D0055B2D3 /* KeychainManager.swift */ = {isa = PBXFileReference; lastKnownFileType = sourcecode.swift; path = KeychainManager.swift; sourceTree = "<group>"; };
		52527E452A7A3AF600CDAD49 /* SideViewController.swift */ = {isa = PBXFileReference; lastKnownFileType = sourcecode.swift; path = SideViewController.swift; sourceTree = "<group>"; };
		52533EAD2A89BC7800D08E82 /* Product.swift */ = {isa = PBXFileReference; lastKnownFileType = sourcecode.swift; path = Product.swift; sourceTree = "<group>"; };
		52533EAF2A89C71A00D08E82 /* Brand.swift */ = {isa = PBXFileReference; lastKnownFileType = sourcecode.swift; path = Brand.swift; sourceTree = "<group>"; };
		52533EB12A89CBC600D08E82 /* Size.swift */ = {isa = PBXFileReference; lastKnownFileType = sourcecode.swift; path = Size.swift; sourceTree = "<group>"; };
		5266BF232A8C6E4C0099A876 /* WelcomeViewModel.swift */ = {isa = PBXFileReference; lastKnownFileType = sourcecode.swift; path = WelcomeViewModel.swift; sourceTree = "<group>"; };
		5266BF282A8C7B7C0099A876 /* MyProfileViewController.swift */ = {isa = PBXFileReference; lastKnownFileType = sourcecode.swift; path = MyProfileViewController.swift; sourceTree = "<group>"; };
		5266BF2A2A8C9A9F0099A876 /* UserManager.swift */ = {isa = PBXFileReference; lastKnownFileType = sourcecode.swift; path = UserManager.swift; sourceTree = "<group>"; };
		5267576F2A723DBE000BB555 /* ShopModel.swift */ = {isa = PBXFileReference; lastKnownFileType = sourcecode.swift; path = ShopModel.swift; sourceTree = "<group>"; };
		5267C6412A77412000A44BDD /* MenuViewController.swift */ = {isa = PBXFileReference; lastKnownFileType = sourcecode.swift; path = MenuViewController.swift; sourceTree = "<group>"; };
		52708F822A89DA2300A9ABCC /* Login.swift */ = {isa = PBXFileReference; lastKnownFileType = sourcecode.swift; path = Login.swift; sourceTree = "<group>"; };
		52708F842A89E0F700A9ABCC /* Detail Products.swift */ = {isa = PBXFileReference; lastKnownFileType = sourcecode.swift; path = "Detail Products.swift"; sourceTree = "<group>"; };
		52708F862A8A17B500A9ABCC /* SignUp.swift */ = {isa = PBXFileReference; lastKnownFileType = sourcecode.swift; path = SignUp.swift; sourceTree = "<group>"; };
		52708F882A8A282800A9ABCC /* SignUpViewModel.swift */ = {isa = PBXFileReference; lastKnownFileType = sourcecode.swift; path = SignUpViewModel.swift; sourceTree = "<group>"; };
		52728AE12A77A21100519DE0 /* HomeViewModel.swift */ = {isa = PBXFileReference; lastKnownFileType = sourcecode.swift; path = HomeViewModel.swift; sourceTree = "<group>"; };
		5275ABB92A7762FD0016C424 /* FavoriteViewController.swift */ = {isa = PBXFileReference; lastKnownFileType = sourcecode.swift; path = FavoriteViewController.swift; sourceTree = "<group>"; };
		527F9AF82A7B647D00AC520C /* Reviews.storyboard */ = {isa = PBXFileReference; lastKnownFileType = file.storyboard; path = Reviews.storyboard; sourceTree = "<group>"; };
		527F9B032A7B7D6D00AC520C /* extension.swift */ = {isa = PBXFileReference; lastKnownFileType = sourcecode.swift; path = extension.swift; sourceTree = "<group>"; };
		527F9B062A7B90E000AC520C /* ReviewsTableViewCell.swift */ = {isa = PBXFileReference; lastKnownFileType = sourcecode.swift; path = ReviewsTableViewCell.swift; sourceTree = "<group>"; };
		527F9B072A7B90E000AC520C /* ReviewsTableViewCell.xib */ = {isa = PBXFileReference; lastKnownFileType = file.xib; path = ReviewsTableViewCell.xib; sourceTree = "<group>"; };
		527F9B0C2A7B942C00AC520C /* ReviewViewController.swift */ = {isa = PBXFileReference; lastKnownFileType = sourcecode.swift; path = ReviewViewController.swift; sourceTree = "<group>"; };
		527F9B0E2A7BAAFA00AC520C /* AddReviewViewController.swift */ = {isa = PBXFileReference; lastKnownFileType = sourcecode.swift; path = AddReviewViewController.swift; sourceTree = "<group>"; };
		5290BB1B2A8334900042A32A /* PaymentMethodeViewController.swift */ = {isa = PBXFileReference; lastKnownFileType = sourcecode.swift; path = PaymentMethodeViewController.swift; sourceTree = "<group>"; };
		5290BB262A83816C0042A32A /* ListAddressViewController.swift */ = {isa = PBXFileReference; lastKnownFileType = sourcecode.swift; path = ListAddressViewController.swift; sourceTree = "<group>"; };
		5290BB282A8381850042A32A /* ListAddressTableViewCell.swift */ = {isa = PBXFileReference; lastKnownFileType = sourcecode.swift; path = ListAddressTableViewCell.swift; sourceTree = "<group>"; };
		5290BB292A8381850042A32A /* ListAddressTableViewCell.xib */ = {isa = PBXFileReference; lastKnownFileType = file.xib; path = ListAddressTableViewCell.xib; sourceTree = "<group>"; };
		52AAEC7D2A80E00400903342 /* FavoriteCollectionViewCell.swift */ = {isa = PBXFileReference; lastKnownFileType = sourcecode.swift; path = FavoriteCollectionViewCell.swift; sourceTree = "<group>"; };
		52AAEC7E2A80E00400903342 /* FavoriteCollectionViewCell.xib */ = {isa = PBXFileReference; lastKnownFileType = file.xib; path = FavoriteCollectionViewCell.xib; sourceTree = "<group>"; };
		52AAEC812A80EBCE00903342 /* Payment.storyboard */ = {isa = PBXFileReference; lastKnownFileType = file.storyboard; path = Payment.storyboard; sourceTree = "<group>"; };
		52AAEC832A80EF9800903342 /* PaymentViewController.swift */ = {isa = PBXFileReference; lastKnownFileType = sourcecode.swift; path = PaymentViewController.swift; sourceTree = "<group>"; };
		52AAEC852A80EFA900903342 /* AddPaymentViewController.swift */ = {isa = PBXFileReference; lastKnownFileType = sourcecode.swift; path = AddPaymentViewController.swift; sourceTree = "<group>"; };
		52B277DC2A82887700614179 /* Extension.swift */ = {isa = PBXFileReference; lastKnownFileType = sourcecode.swift; name = Extension.swift; path = Laza/Extension.swift; sourceTree = SOURCE_ROOT; };
		52D4D29E2A8B788E00A9AE83 /* NewPassViewModel.swift */ = {isa = PBXFileReference; lastKnownFileType = sourcecode.swift; path = NewPassViewModel.swift; sourceTree = "<group>"; };
		52EF386A2A72125400446F31 /* Laza.app */ = {isa = PBXFileReference; explicitFileType = wrapper.application; includeInIndex = 0; path = Laza.app; sourceTree = BUILT_PRODUCTS_DIR; };
		52EF386D2A72125400446F31 /* AppDelegate.swift */ = {isa = PBXFileReference; lastKnownFileType = sourcecode.swift; path = AppDelegate.swift; sourceTree = "<group>"; };
		52EF386F2A72125400446F31 /* SceneDelegate.swift */ = {isa = PBXFileReference; lastKnownFileType = sourcecode.swift; path = SceneDelegate.swift; sourceTree = "<group>"; };
		52EF38772A72125400446F31 /* Laza.xcdatamodel */ = {isa = PBXFileReference; lastKnownFileType = wrapper.xcdatamodel; path = Laza.xcdatamodel; sourceTree = "<group>"; };
		52EF38872A72146B00446F31 /* LaunchScreen.storyboard */ = {isa = PBXFileReference; fileEncoding = 4; lastKnownFileType = file.storyboard; path = LaunchScreen.storyboard; sourceTree = "<group>"; };
		52EF388B2A72148800446F31 /* SignUp.storyboard */ = {isa = PBXFileReference; fileEncoding = 4; lastKnownFileType = file.storyboard; path = SignUp.storyboard; sourceTree = "<group>"; };
		52EF388D2A72148D00446F31 /* Welcome.storyboard */ = {isa = PBXFileReference; fileEncoding = 4; lastKnownFileType = file.storyboard; path = Welcome.storyboard; sourceTree = "<group>"; };
		52EF388F2A72149200446F31 /* TabBar.storyboard */ = {isa = PBXFileReference; fileEncoding = 4; lastKnownFileType = file.storyboard; path = TabBar.storyboard; sourceTree = "<group>"; };
		52EF38932A7214CC00446F31 /* ViewController.swift */ = {isa = PBXFileReference; fileEncoding = 4; lastKnownFileType = sourcecode.swift; path = ViewController.swift; sourceTree = "<group>"; };
		52EF38962A7214D500446F31 /* WelcomeViewController.swift */ = {isa = PBXFileReference; fileEncoding = 4; lastKnownFileType = sourcecode.swift; path = WelcomeViewController.swift; sourceTree = "<group>"; };
		52EF38972A7214D500446F31 /* SignUpViewController.swift */ = {isa = PBXFileReference; fileEncoding = 4; lastKnownFileType = sourcecode.swift; path = SignUpViewController.swift; sourceTree = "<group>"; };
		52EF38982A7214D600446F31 /* LoginViewController.swift */ = {isa = PBXFileReference; fileEncoding = 4; lastKnownFileType = sourcecode.swift; path = LoginViewController.swift; sourceTree = "<group>"; };
		52EF389D2A72150C00446F31 /* Main.storyboard */ = {isa = PBXFileReference; fileEncoding = 4; lastKnownFileType = file.storyboard; path = Main.storyboard; sourceTree = "<group>"; };
		52EF389F2A72152900446F31 /* Assets.xcassets */ = {isa = PBXFileReference; lastKnownFileType = folder.assetcatalog; path = Assets.xcassets; sourceTree = "<group>"; };
		52EF38A12A72163900446F31 /* ForgotPassword.storyboard */ = {isa = PBXFileReference; lastKnownFileType = file.storyboard; path = ForgotPassword.storyboard; sourceTree = "<group>"; };
		52EF38A32A72165E00446F31 /* ForgotPwdViewController.swift */ = {isa = PBXFileReference; lastKnownFileType = sourcecode.swift; path = ForgotPwdViewController.swift; sourceTree = "<group>"; };
		52EF38A72A7225BF00446F31 /* TabBarViewController.swift */ = {isa = PBXFileReference; lastKnownFileType = sourcecode.swift; path = TabBarViewController.swift; sourceTree = "<group>"; };
		52EF38A92A7229D300446F31 /* HomeViewController.swift */ = {isa = PBXFileReference; lastKnownFileType = sourcecode.swift; path = HomeViewController.swift; sourceTree = "<group>"; };
		52F456D82A7C94B800F565D9 /* VerificationCodeViewController.swift */ = {isa = PBXFileReference; lastKnownFileType = sourcecode.swift; path = VerificationCodeViewController.swift; sourceTree = "<group>"; };
		52F456DA2A7C951700F565D9 /* NewPasswordViewController.swift */ = {isa = PBXFileReference; lastKnownFileType = sourcecode.swift; path = NewPasswordViewController.swift; sourceTree = "<group>"; };
		52F456DC2A7CAEA900F565D9 /* Slider.swift */ = {isa = PBXFileReference; lastKnownFileType = sourcecode.swift; path = Slider.swift; sourceTree = "<group>"; };
		52F546492A80A6A8001B3C88 /* CartTableViewCell.swift */ = {isa = PBXFileReference; lastKnownFileType = sourcecode.swift; path = CartTableViewCell.swift; sourceTree = "<group>"; };
		52F5464A2A80A6A8001B3C88 /* CartTableViewCell.xib */ = {isa = PBXFileReference; lastKnownFileType = file.xib; path = CartTableViewCell.xib; sourceTree = "<group>"; };
		52FFFF542A78F17E009C07EB /* Api.swift */ = {isa = PBXFileReference; lastKnownFileType = sourcecode.swift; path = Api.swift; sourceTree = "<group>"; };
		5886F5C889B7EBC36794D9DD /* Pods_Laza.framework */ = {isa = PBXFileReference; explicitFileType = wrapper.framework; includeInIndex = 0; path = Pods_Laza.framework; sourceTree = BUILT_PRODUCTS_DIR; };
		DA10B5503970B0BDB046E663 /* Pods-Laza.release.xcconfig */ = {isa = PBXFileReference; includeInIndex = 1; lastKnownFileType = text.xcconfig; name = "Pods-Laza.release.xcconfig"; path = "Target Support Files/Pods-Laza/Pods-Laza.release.xcconfig"; sourceTree = "<group>"; };
		DC968D2C60741F3CBD7BE4F4 /* Pods-Laza.debug.xcconfig */ = {isa = PBXFileReference; includeInIndex = 1; lastKnownFileType = text.xcconfig; name = "Pods-Laza.debug.xcconfig"; path = "Target Support Files/Pods-Laza/Pods-Laza.debug.xcconfig"; sourceTree = "<group>"; };
/* End PBXFileReference section */

/* Begin PBXFrameworksBuildPhase section */
		52EF38672A72125400446F31 /* Frameworks */ = {
			isa = PBXFrameworksBuildPhase;
			buildActionMask = 2147483647;
			files = (
				52B3F7C32A86197100F1CCED /* Cosmos in Frameworks */,
				52241F702A84772D00E42C11 /* SnackBar in Frameworks */,
				52B277E02A82893600614179 /* SDWebImage in Frameworks */,
				52527E442A7A2AAA00CDAD49 /* SideMenu in Frameworks */,
				52B277E22A82893600614179 /* SDWebImageMapKit in Frameworks */,
				95BD1E19824C6C83D4743E49 /* Pods_Laza.framework in Frameworks */,
				527B77232A8B457C00FE04BA /* DPOTPView in Frameworks */,
			);
			runOnlyForDeploymentPostprocessing = 0;
		};
/* End PBXFrameworksBuildPhase section */

/* Begin PBXGroup section */
		396038A84B9454DC65AADC3E /* Frameworks */ = {
			isa = PBXGroup;
			children = (
				5886F5C889B7EBC36794D9DD /* Pods_Laza.framework */,
			);
			name = Frameworks;
			sourceTree = "<group>";
		};
		520BEFE32A807DB100EA612F /* Extension */ = {
			isa = PBXGroup;
			children = (
				527F9B032A7B7D6D00AC520C /* extension.swift */,
				52B277DC2A82887700614179 /* Extension.swift */,
				52F456DC2A7CAEA900F565D9 /* Slider.swift */,
				52241F712A84774F00E42C11 /* SnackBar.swift */,
			);
			path = Extension;
			sourceTree = "<group>";
		};
		522347372A8324180058DE16 /* Payment */ = {
			isa = PBXGroup;
			children = (
				522347382A8324490058DE16 /* CreditCardCollectionViewCell.swift */,
				52AAEC852A80EFA900903342 /* AddPaymentViewController.swift */,
				52AAEC832A80EF9800903342 /* PaymentViewController.swift */,
				522347392A8324490058DE16 /* CreditCardCollectionViewCell.xib */,
				5290BB1B2A8334900042A32A /* PaymentMethodeViewController.swift */,
			);
			path = Payment;
			sourceTree = "<group>";
		};
		52241F6A2A846ECF00E42C11 /* Order */ = {
			isa = PBXGroup;
			children = (
				520A8DBF2A8097F90049FBB1 /* OrderConfirmedViewController.swift */,
			);
			path = Order;
			sourceTree = "<group>";
		};
		52241F6B2A846F7200E42C11 /* Detail Fav */ = {
			isa = PBXGroup;
			children = (
			);
			path = "Detail Fav";
			sourceTree = "<group>";
		};
		5234E62C2A80ACEC00F855BD /* Details */ = {
			isa = PBXGroup;
			children = (
				5234E6282A80ACD800F855BD /* DetailViewController.swift */,
				5234E6272A80ACD800F855BD /* SizeCollectionViewCell.swift */,
				5234E6262A80ACD800F855BD /* SizeCollectionViewCell.xib */,
			);
			path = Details;
			sourceTree = "<group>";
		};
		5234E62D2A80C4ED00F855BD /* Favorite */ = {
			isa = PBXGroup;
			children = (
				52241F6B2A846F7200E42C11 /* Detail Fav */,
				52AAEC7C2A80DFD400903342 /* FavoriteCell */,
				5275ABB92A7762FD0016C424 /* FavoriteViewController.swift */,
			);
			path = Favorite;
			sourceTree = "<group>";
		};
		5234E62E2A80C50400F855BD /* Cart */ = {
			isa = PBXGroup;
			children = (
				52241F6A2A846ECF00E42C11 /* Order */,
				5290BB242A8381110042A32A /* Address */,
				52F546482A80A68A001B3C88 /* CartCell */,
				520A8DBB2A808E270049FBB1 /* CartViewController.swift */,
			);
			path = Cart;
			sourceTree = "<group>";
		};
		5234E62F2A80C55700F855BD /* SignUp */ = {
			isa = PBXGroup;
			children = (
				52EF38972A7214D500446F31 /* SignUpViewController.swift */,
			);
			path = SignUp;
			sourceTree = "<group>";
		};
		5234E6302A80C56300F855BD /* Login */ = {
			isa = PBXGroup;
			children = (
				52EF38932A7214CC00446F31 /* ViewController.swift */,
				52EF38982A7214D600446F31 /* LoginViewController.swift */,
			);
			path = Login;
			sourceTree = "<group>";
		};
		5234E6312A80C58200F855BD /* SideMenu */ = {
			isa = PBXGroup;
			children = (
				5267C6412A77412000A44BDD /* MenuViewController.swift */,
				52527E452A7A3AF600CDAD49 /* SideViewController.swift */,
			);
			path = SideMenu;
			sourceTree = "<group>";
		};
		52444CBA2A789AE7000BFC87 /* Item + TabBar */ = {
			isa = PBXGroup;
			children = (
				52EF388F2A72149200446F31 /* TabBar.storyboard */,
				520A8DBD2A8097BD0049FBB1 /* OrderConfimed.storyboard */,
				523AD8F02A73B44B005FACAD /* Detail.storyboard */,
				52241F6C2A846FC200E42C11 /* DetailFavViewController.swift */,
			);
			path = "Item + TabBar";
			sourceTree = "<group>";
		};
		52444CBB2A789B15000BFC87 /* TabBar */ = {
			isa = PBXGroup;
			children = (
				5266BF252A8C7AF10099A876 /* PProfile */,
				5234E62E2A80C50400F855BD /* Cart */,
				5234E62D2A80C4ED00F855BD /* Favorite */,
				52444CBC2A789B39000BFC87 /* Home */,
				52134B9E2A7486BC00B87588 /* ProfileViewController.swift */,
				52EF38A72A7225BF00446F31 /* TabBarViewController.swift */,
			);
			path = TabBar;
			sourceTree = "<group>";
		};
		52444CBC2A789B39000BFC87 /* Home */ = {
			isa = PBXGroup;
			children = (
				52EF38A92A7229D300446F31 /* HomeViewController.swift */,
			);
			path = Home;
			sourceTree = "<group>";
		};
		52444CBE2A78B0DC000BFC87 /* Support */ = {
			isa = PBXGroup;
			children = (
				52EF386D2A72125400446F31 /* AppDelegate.swift */,
				52EF386F2A72125400446F31 /* SceneDelegate.swift */,
				52EF38762A72125400446F31 /* Laza.xcdatamodeld */,
				52EF389F2A72152900446F31 /* Assets.xcassets */,
				52134B9C2A7477E100B87588 /* UserDefault.swift */,
				52728AE12A77A21100519DE0 /* HomeViewModel.swift */,
				524548422A8DAB5D0055B2D3 /* KeychainManager.swift */,
			);
			path = Support;
			sourceTree = "<group>";
		};
		52444CC12A78B77E000BFC87 /* Nested Home */ = {
			isa = PBXGroup;
			children = (
				52444CD32A78BB25000BFC87 /* Table */,
				52444CD22A78BB01000BFC87 /* Collection */,
				52444CD02A78BA09000BFC87 /* NestedViewController.swift */,
			);
			path = "Nested Home";
			sourceTree = "<group>";
		};
		52444CCE2A78B810000BFC87 /* Category */ = {
			isa = PBXGroup;
			children = (
				52444CC22A78B7B2000BFC87 /* CategoryCollectionViewCell.swift */,
				52444CC32A78B7B2000BFC87 /* CategoryCollectionViewCell.xib */,
			);
			path = Category;
			sourceTree = "<group>";
		};
		52444CCF2A78B820000BFC87 /* Product */ = {
			isa = PBXGroup;
			children = (
				52444CCA2A78B7F4000BFC87 /* ProCollectionViewCell.swift */,
				52444CCB2A78B7F4000BFC87 /* ProCollectionViewCell.xib */,
			);
			path = Product;
			sourceTree = "<group>";
		};
		52444CD22A78BB01000BFC87 /* Collection */ = {
			isa = PBXGroup;
			children = (
				52444CCF2A78B820000BFC87 /* Product */,
				52444CCE2A78B810000BFC87 /* Category */,
			);
			path = Collection;
			sourceTree = "<group>";
		};
		52444CD32A78BB25000BFC87 /* Table */ = {
			isa = PBXGroup;
			children = (
				52444CD52A78BB4E000BFC87 /* Product */,
				52444CD42A78BB41000BFC87 /* Category */,
			);
			path = Table;
			sourceTree = "<group>";
		};
		52444CD42A78BB41000BFC87 /* Category */ = {
			isa = PBXGroup;
			children = (
				52444CDA2A78BB87000BFC87 /* CategoryTableViewCell.swift */,
				52444CDB2A78BB87000BFC87 /* CategoryTableViewCell.xib */,
			);
			path = Category;
			sourceTree = "<group>";
		};
		52444CD52A78BB4E000BFC87 /* Product */ = {
			isa = PBXGroup;
			children = (
				52444CD62A78BB6E000BFC87 /* ProTableViewCell.swift */,
				52444CD72A78BB6E000BFC87 /* ProTableViewCell.xib */,
			);
			path = Product;
			sourceTree = "<group>";
		};
		5266BF252A8C7AF10099A876 /* PProfile */ = {
			isa = PBXGroup;
			children = (
				5266BF282A8C7B7C0099A876 /* MyProfileViewController.swift */,
			);
			path = PProfile;
			sourceTree = "<group>";
		};
		526757712A72470B000BB555 /* Model */ = {
			isa = PBXGroup;
			children = (
				5267576F2A723DBE000BB555 /* ShopModel.swift */,
				523AD8E82A73B16D005FACAD /* UserModel.swift */,
				52FFFF542A78F17E009C07EB /* Api.swift */,
				52533EAD2A89BC7800D08E82 /* Product.swift */,
				52533EAF2A89C71A00D08E82 /* Brand.swift */,
				52533EB12A89CBC600D08E82 /* Size.swift */,
				52708F822A89DA2300A9ABCC /* Login.swift */,
				52708F842A89E0F700A9ABCC /* Detail Products.swift */,
				52708F862A8A17B500A9ABCC /* SignUp.swift */,
			);
			path = Model;
			sourceTree = "<group>";
		};
		527F9AF62A7B546E00AC520C /* Reviews */ = {
			isa = PBXGroup;
			children = (
				527F9B0C2A7B942C00AC520C /* ReviewViewController.swift */,
				527F9B0E2A7BAAFA00AC520C /* AddReviewViewController.swift */,
			);
			path = Reviews;
			sourceTree = "<group>";
		};
		527F9AF72A7B645C00AC520C /* Reviews */ = {
			isa = PBXGroup;
			children = (
				527F9B052A7B90A800AC520C /* XIB */,
				527F9AF82A7B647D00AC520C /* Reviews.storyboard */,
			);
			path = Reviews;
			sourceTree = "<group>";
		};
		527F9B052A7B90A800AC520C /* XIB */ = {
			isa = PBXGroup;
			children = (
				527F9B062A7B90E000AC520C /* ReviewsTableViewCell.swift */,
				527F9B072A7B90E000AC520C /* ReviewsTableViewCell.xib */,
			);
			path = XIB;
			sourceTree = "<group>";
		};
		5290BB182A832CF50042A32A /* welcome */ = {
			isa = PBXGroup;
			children = (
				52EF38962A7214D500446F31 /* WelcomeViewController.swift */,
				5266BF2A2A8C9A9F0099A876 /* UserManager.swift */,
			);
			path = welcome;
			sourceTree = "<group>";
		};
		5290BB192A832D390042A32A /* ToolsLogin */ = {
			isa = PBXGroup;
			children = (
				52EF389D2A72150C00446F31 /* Main.storyboard */,
				52EF38A12A72163900446F31 /* ForgotPassword.storyboard */,
				52EF388D2A72148D00446F31 /* Welcome.storyboard */,
				52EF38872A72146B00446F31 /* LaunchScreen.storyboard */,
				52EF388B2A72148800446F31 /* SignUp.storyboard */,
			);
			path = ToolsLogin;
			sourceTree = "<group>";
		};
		5290BB1A2A832E080042A32A /* View Model */ = {
			isa = PBXGroup;
			children = (
				52708F882A8A282800A9ABCC /* SignUpViewModel.swift */,
				52D4D29E2A8B788E00A9AE83 /* NewPassViewModel.swift */,
				5266BF232A8C6E4C0099A876 /* WelcomeViewModel.swift */,
				524548382A8CFE4E0055B2D3 /* ForgotPasswordModel.swift */,
				5245483A2A8CFEC40055B2D3 /* VerificationModel.swift */,
				5245483C2A8D096F0055B2D3 /* MyProfileModel.swift */,
				5245483E2A8D0CB30055B2D3 /* SideMenuModel.swift */,
				524548402A8D0DA10055B2D3 /* NestedViewModel.swift */,
			);
			path = "View Model";
			sourceTree = "<group>";
		};
		5290BB242A8381110042A32A /* Address */ = {
			isa = PBXGroup;
			children = (
				520A8DC32A80A06D0049FBB1 /* AddressViewController.swift */,
				5290BB262A83816C0042A32A /* ListAddressViewController.swift */,
				5290BB282A8381850042A32A /* ListAddressTableViewCell.swift */,
				5290BB292A8381850042A32A /* ListAddressTableViewCell.xib */,
			);
			path = Address;
			sourceTree = "<group>";
		};
		5290BB252A83812E0042A32A /* Address */ = {
			isa = PBXGroup;
			children = (
				520A8DC12A80A0470049FBB1 /* Address.storyboard */,
			);
			path = Address;
			sourceTree = "<group>";
		};
		52AAEC7C2A80DFD400903342 /* FavoriteCell */ = {
			isa = PBXGroup;
			children = (
				52AAEC7D2A80E00400903342 /* FavoriteCollectionViewCell.swift */,
				52AAEC7E2A80E00400903342 /* FavoriteCollectionViewCell.xib */,
			);
			path = FavoriteCell;
			sourceTree = "<group>";
		};
		52EF38612A72125400446F31 = {
			isa = PBXGroup;
			children = (
				52444CC02A78B600000BFC87 /* Info.plist */,
				396038A84B9454DC65AADC3E /* Frameworks */,
				52EF386C2A72125400446F31 /* Laza */,
				52EF386B2A72125400446F31 /* Products */,
				94E4DEE534302C1C97FF68A9 /* Pods */,
			);
			sourceTree = "<group>";
		};
		52EF386B2A72125400446F31 /* Products */ = {
			isa = PBXGroup;
			children = (
				52EF386A2A72125400446F31 /* Laza.app */,
			);
			name = Products;
			sourceTree = "<group>";
		};
		52EF386C2A72125400446F31 /* Laza */ = {
			isa = PBXGroup;
			children = (
				5290BB1A2A832E080042A32A /* View Model */,
				520BEFE32A807DB100EA612F /* Extension */,
				52444CC12A78B77E000BFC87 /* Nested Home */,
				52444CBE2A78B0DC000BFC87 /* Support */,
				526757712A72470B000BB555 /* Model */,
				52EF38922A7214B100446F31 /* Controller */,
				52EF38912A72149700446F31 /* View */,
			);
			path = Laza;
			sourceTree = "<group>";
		};
		52EF38912A72149700446F31 /* View */ = {
			isa = PBXGroup;
			children = (
				5290BB252A83812E0042A32A /* Address */,
				5290BB192A832D390042A32A /* ToolsLogin */,
				52F546472A80A436001B3C88 /* Payment */,
				527F9AF72A7B645C00AC520C /* Reviews */,
				52444CBA2A789AE7000BFC87 /* Item + TabBar */,
			);
			path = View;
			sourceTree = "<group>";
		};
		52EF38922A7214B100446F31 /* Controller */ = {
			isa = PBXGroup;
			children = (
				5290BB182A832CF50042A32A /* welcome */,
				522347372A8324180058DE16 /* Payment */,
				5234E6312A80C58200F855BD /* SideMenu */,
				5234E6302A80C56300F855BD /* Login */,
				5234E62F2A80C55700F855BD /* SignUp */,
				5234E62C2A80ACEC00F855BD /* Details */,
				52F456D72A7C947E00F565D9 /* Forgor Password */,
				527F9AF62A7B546E00AC520C /* Reviews */,
				52444CBB2A789B15000BFC87 /* TabBar */,
			);
			path = Controller;
			sourceTree = "<group>";
		};
		52F456D72A7C947E00F565D9 /* Forgor Password */ = {
			isa = PBXGroup;
			children = (
				52EF38A32A72165E00446F31 /* ForgotPwdViewController.swift */,
				52F456D82A7C94B800F565D9 /* VerificationCodeViewController.swift */,
				52F456DA2A7C951700F565D9 /* NewPasswordViewController.swift */,
			);
			path = "Forgor Password";
			sourceTree = "<group>";
		};
		52F546472A80A436001B3C88 /* Payment */ = {
			isa = PBXGroup;
			children = (
				52AAEC812A80EBCE00903342 /* Payment.storyboard */,
			);
			path = Payment;
			sourceTree = "<group>";
		};
		52F546482A80A68A001B3C88 /* CartCell */ = {
			isa = PBXGroup;
			children = (
				52F546492A80A6A8001B3C88 /* CartTableViewCell.swift */,
				52F5464A2A80A6A8001B3C88 /* CartTableViewCell.xib */,
			);
			path = CartCell;
			sourceTree = "<group>";
		};
		94E4DEE534302C1C97FF68A9 /* Pods */ = {
			isa = PBXGroup;
			children = (
				DC968D2C60741F3CBD7BE4F4 /* Pods-Laza.debug.xcconfig */,
				DA10B5503970B0BDB046E663 /* Pods-Laza.release.xcconfig */,
			);
			path = Pods;
			sourceTree = "<group>";
		};
/* End PBXGroup section */

/* Begin PBXNativeTarget section */
		52EF38692A72125400446F31 /* Laza */ = {
			isa = PBXNativeTarget;
			buildConfigurationList = 52EF38812A72125700446F31 /* Build configuration list for PBXNativeTarget "Laza" */;
			buildPhases = (
				55B16034079C0F3F23DAA603 /* [CP] Check Pods Manifest.lock */,
				52EF38662A72125400446F31 /* Sources */,
				52EF38672A72125400446F31 /* Frameworks */,
				52EF38682A72125400446F31 /* Resources */,
				716C35F0966DDF22A5A093EC /* [CP] Embed Pods Frameworks */,
			);
			buildRules = (
			);
			dependencies = (
			);
			name = Laza;
			packageProductDependencies = (
				52527E432A7A2AAA00CDAD49 /* SideMenu */,
				52B277DF2A82893600614179 /* SDWebImage */,
				52B277E12A82893600614179 /* SDWebImageMapKit */,
				52241F6F2A84772D00E42C11 /* SnackBar */,
				52B3F7C22A86197100F1CCED /* Cosmos */,
				527B77222A8B457C00FE04BA /* DPOTPView */,
			);
			productName = Laza;
			productReference = 52EF386A2A72125400446F31 /* Laza.app */;
			productType = "com.apple.product-type.application";
		};
/* End PBXNativeTarget section */

/* Begin PBXProject section */
		52EF38622A72125400446F31 /* Project object */ = {
			isa = PBXProject;
			attributes = {
				BuildIndependentTargetsInParallel = 1;
				LastSwiftUpdateCheck = 1430;
				LastUpgradeCheck = 1430;
				TargetAttributes = {
					52EF38692A72125400446F31 = {
						CreatedOnToolsVersion = 14.3.1;
					};
				};
			};
			buildConfigurationList = 52EF38652A72125400446F31 /* Build configuration list for PBXProject "Laza" */;
			compatibilityVersion = "Xcode 14.0";
			developmentRegion = en;
			hasScannedForEncodings = 0;
			knownRegions = (
				en,
				Base,
			);
			mainGroup = 52EF38612A72125400446F31;
			packageReferences = (
				52527E422A7A2AAA00CDAD49 /* XCRemoteSwiftPackageReference "SideMenu" */,
				52B277DE2A82893600614179 /* XCRemoteSwiftPackageReference "SDWebImage" */,
				52241F6E2A84772D00E42C11 /* XCRemoteSwiftPackageReference "SnackBar" */,
				52B3F7C12A86197100F1CCED /* XCRemoteSwiftPackageReference "Cosmos" */,
				527B77212A8B457C00FE04BA /* XCRemoteSwiftPackageReference "DPOTPView" */,
			);
			productRefGroup = 52EF386B2A72125400446F31 /* Products */;
			projectDirPath = "";
			projectRoot = "";
			targets = (
				52EF38692A72125400446F31 /* Laza */,
			);
		};
/* End PBXProject section */

/* Begin PBXResourcesBuildPhase section */
		52EF38682A72125400446F31 /* Resources */ = {
			isa = PBXResourcesBuildPhase;
			buildActionMask = 2147483647;
			files = (
				52EF389E2A72150D00446F31 /* Main.storyboard in Resources */,
				527F9B092A7B90E000AC520C /* ReviewsTableViewCell.xib in Resources */,
				52EF38902A72149200446F31 /* TabBar.storyboard in Resources */,
				52444CD92A78BB6E000BFC87 /* ProTableViewCell.xib in Resources */,
				520A8DBE2A8097BD0049FBB1 /* OrderConfimed.storyboard in Resources */,
				523AD8F12A73B44B005FACAD /* Detail.storyboard in Resources */,
				52444CC52A78B7B2000BFC87 /* CategoryCollectionViewCell.xib in Resources */,
				52EF38882A72146B00446F31 /* LaunchScreen.storyboard in Resources */,
				52444CCD2A78B7F4000BFC87 /* ProCollectionViewCell.xib in Resources */,
				5290BB2B2A8381850042A32A /* ListAddressTableViewCell.xib in Resources */,
				52EF38A22A72163900446F31 /* ForgotPassword.storyboard in Resources */,
				52444CDD2A78BB87000BFC87 /* CategoryTableViewCell.xib in Resources */,
				520A8DC22A80A0470049FBB1 /* Address.storyboard in Resources */,
				52EF38A02A72152900446F31 /* Assets.xcassets in Resources */,
				52AAEC802A80E00400903342 /* FavoriteCollectionViewCell.xib in Resources */,
				52AAEC822A80EBCE00903342 /* Payment.storyboard in Resources */,
				52EF388C2A72148800446F31 /* SignUp.storyboard in Resources */,
				5234E6292A80ACD800F855BD /* SizeCollectionViewCell.xib in Resources */,
				527F9AF92A7B647D00AC520C /* Reviews.storyboard in Resources */,
				52F5464C2A80A6A8001B3C88 /* CartTableViewCell.xib in Resources */,
				5223473B2A8324490058DE16 /* CreditCardCollectionViewCell.xib in Resources */,
				52EF388E2A72148D00446F31 /* Welcome.storyboard in Resources */,
			);
			runOnlyForDeploymentPostprocessing = 0;
		};
/* End PBXResourcesBuildPhase section */

/* Begin PBXShellScriptBuildPhase section */
		55B16034079C0F3F23DAA603 /* [CP] Check Pods Manifest.lock */ = {
			isa = PBXShellScriptBuildPhase;
			buildActionMask = 2147483647;
			files = (
			);
			inputFileListPaths = (
			);
			inputPaths = (
				"${PODS_PODFILE_DIR_PATH}/Podfile.lock",
				"${PODS_ROOT}/Manifest.lock",
			);
			name = "[CP] Check Pods Manifest.lock";
			outputFileListPaths = (
			);
			outputPaths = (
				"$(DERIVED_FILE_DIR)/Pods-Laza-checkManifestLockResult.txt",
			);
			runOnlyForDeploymentPostprocessing = 0;
			shellPath = /bin/sh;
			shellScript = "diff \"${PODS_PODFILE_DIR_PATH}/Podfile.lock\" \"${PODS_ROOT}/Manifest.lock\" > /dev/null\nif [ $? != 0 ] ; then\n    # print error to STDERR\n    echo \"error: The sandbox is not in sync with the Podfile.lock. Run 'pod install' or update your CocoaPods installation.\" >&2\n    exit 1\nfi\n# This output is used by Xcode 'outputs' to avoid re-running this script phase.\necho \"SUCCESS\" > \"${SCRIPT_OUTPUT_FILE_0}\"\n";
			showEnvVarsInLog = 0;
		};
		716C35F0966DDF22A5A093EC /* [CP] Embed Pods Frameworks */ = {
			isa = PBXShellScriptBuildPhase;
			buildActionMask = 2147483647;
			files = (
			);
			inputFileListPaths = (
				"${PODS_ROOT}/Target Support Files/Pods-Laza/Pods-Laza-frameworks-${CONFIGURATION}-input-files.xcfilelist",
			);
			name = "[CP] Embed Pods Frameworks";
			outputFileListPaths = (
				"${PODS_ROOT}/Target Support Files/Pods-Laza/Pods-Laza-frameworks-${CONFIGURATION}-output-files.xcfilelist",
			);
			runOnlyForDeploymentPostprocessing = 0;
			shellPath = /bin/sh;
			shellScript = "\"${PODS_ROOT}/Target Support Files/Pods-Laza/Pods-Laza-frameworks.sh\"\n";
			showEnvVarsInLog = 0;
		};
/* End PBXShellScriptBuildPhase section */

/* Begin PBXSourcesBuildPhase section */
		52EF38662A72125400446F31 /* Sources */ = {
			isa = PBXSourcesBuildPhase;
			buildActionMask = 2147483647;
			files = (
				52134B9D2A7477E100B87588 /* UserDefault.swift in Sources */,
				52708F852A89E0F700A9ABCC /* Detail Products.swift in Sources */,
				5234E62A2A80ACD800F855BD /* SizeCollectionViewCell.swift in Sources */,
				52EF389B2A7214D600446F31 /* SignUpViewController.swift in Sources */,
				52AAEC7F2A80E00400903342 /* FavoriteCollectionViewCell.swift in Sources */,
				52AAEC862A80EFA900903342 /* AddPaymentViewController.swift in Sources */,
				520A8DC42A80A06D0049FBB1 /* AddressViewController.swift in Sources */,
				52728AE22A77A21100519DE0 /* HomeViewModel.swift in Sources */,
				52241F722A84774F00E42C11 /* SnackBar.swift in Sources */,
				527F9B0F2A7BAAFA00AC520C /* AddReviewViewController.swift in Sources */,
				5245483B2A8CFEC40055B2D3 /* VerificationModel.swift in Sources */,
				52F456DD2A7CAEAA00F565D9 /* Slider.swift in Sources */,
				52EF38782A72125400446F31 /* Laza.xcdatamodeld in Sources */,
				5266BF292A8C7B7C0099A876 /* MyProfileViewController.swift in Sources */,
				52444CDC2A78BB87000BFC87 /* CategoryTableViewCell.swift in Sources */,
				52533EB22A89CBC600D08E82 /* Size.swift in Sources */,
				52708F872A8A17B500A9ABCC /* SignUp.swift in Sources */,
				5234E62B2A80ACD800F855BD /* DetailViewController.swift in Sources */,
				52FFFF552A78F17E009C07EB /* Api.swift in Sources */,
				5245483F2A8D0CB30055B2D3 /* SideMenuModel.swift in Sources */,
				52444CD12A78BA09000BFC87 /* NestedViewController.swift in Sources */,
				52B277DD2A82887700614179 /* Extension.swift in Sources */,
				52EF386E2A72125400446F31 /* AppDelegate.swift in Sources */,
				524548432A8DAB5D0055B2D3 /* KeychainManager.swift in Sources */,
				52EF389C2A7214D600446F31 /* LoginViewController.swift in Sources */,
				52EF38A82A7225BF00446F31 /* TabBarViewController.swift in Sources */,
				5245483D2A8D096F0055B2D3 /* MyProfileModel.swift in Sources */,
				52F456D92A7C94B800F565D9 /* VerificationCodeViewController.swift in Sources */,
				527F9B042A7B7D6D00AC520C /* extension.swift in Sources */,
				5290BB1C2A8334900042A32A /* PaymentMethodeViewController.swift in Sources */,
				52AAEC842A80EF9800903342 /* PaymentViewController.swift in Sources */,
				52134B9F2A7486BC00B87588 /* ProfileViewController.swift in Sources */,
				52708F832A89DA2400A9ABCC /* Login.swift in Sources */,
				52533EAE2A89BC7800D08E82 /* Product.swift in Sources */,
				523AD8E92A73B16D005FACAD /* UserModel.swift in Sources */,
				52444CCC2A78B7F4000BFC87 /* ProCollectionViewCell.swift in Sources */,
				52EF38AA2A7229D300446F31 /* HomeViewController.swift in Sources */,
				5223473A2A8324490058DE16 /* CreditCardCollectionViewCell.swift in Sources */,
				52708F892A8A282800A9ABCC /* SignUpViewModel.swift in Sources */,
				5266BF242A8C6E4C0099A876 /* WelcomeViewModel.swift in Sources */,
				5266BF2B2A8C9A9F0099A876 /* UserManager.swift in Sources */,
				52444CD82A78BB6E000BFC87 /* ProTableViewCell.swift in Sources */,
				526757702A723DBE000BB555 /* ShopModel.swift in Sources */,
				52F5464B2A80A6A8001B3C88 /* CartTableViewCell.swift in Sources */,
				52EF38A42A72165E00446F31 /* ForgotPwdViewController.swift in Sources */,
				52533EB02A89C71A00D08E82 /* Brand.swift in Sources */,
				52EF389A2A7214D600446F31 /* WelcomeViewController.swift in Sources */,
				5267C6422A77412000A44BDD /* MenuViewController.swift in Sources */,
				52F456DB2A7C951700F565D9 /* NewPasswordViewController.swift in Sources */,
				520A8DBC2A808E270049FBB1 /* CartViewController.swift in Sources */,
				52527E462A7A3AF600CDAD49 /* SideViewController.swift in Sources */,
				5275ABBA2A7762FD0016C424 /* FavoriteViewController.swift in Sources */,
				52EF38942A7214CC00446F31 /* ViewController.swift in Sources */,
				52241F6D2A846FC200E42C11 /* DetailFavViewController.swift in Sources */,
				527F9B0D2A7B942C00AC520C /* ReviewViewController.swift in Sources */,
				52D4D29F2A8B788E00A9AE83 /* NewPassViewModel.swift in Sources */,
				527F9B082A7B90E000AC520C /* ReviewsTableViewCell.swift in Sources */,
				524548392A8CFE4E0055B2D3 /* ForgotPasswordModel.swift in Sources */,
				520A8DC02A8097F90049FBB1 /* OrderConfirmedViewController.swift in Sources */,
				5290BB272A83816C0042A32A /* ListAddressViewController.swift in Sources */,
				52444CC42A78B7B2000BFC87 /* CategoryCollectionViewCell.swift in Sources */,
				52EF38702A72125400446F31 /* SceneDelegate.swift in Sources */,
				524548412A8D0DA10055B2D3 /* NestedViewModel.swift in Sources */,
				5290BB2A2A8381850042A32A /* ListAddressTableViewCell.swift in Sources */,
			);
			runOnlyForDeploymentPostprocessing = 0;
		};
/* End PBXSourcesBuildPhase section */

/* Begin XCBuildConfiguration section */
		52EF387F2A72125700446F31 /* Debug */ = {
			isa = XCBuildConfiguration;
			buildSettings = {
				ALWAYS_SEARCH_USER_PATHS = NO;
				CLANG_ANALYZER_NONNULL = YES;
				CLANG_ANALYZER_NUMBER_OBJECT_CONVERSION = YES_AGGRESSIVE;
				CLANG_CXX_LANGUAGE_STANDARD = "gnu++20";
				CLANG_ENABLE_MODULES = YES;
				CLANG_ENABLE_OBJC_ARC = YES;
				CLANG_ENABLE_OBJC_WEAK = YES;
				CLANG_WARN_BLOCK_CAPTURE_AUTORELEASING = YES;
				CLANG_WARN_BOOL_CONVERSION = YES;
				CLANG_WARN_COMMA = YES;
				CLANG_WARN_CONSTANT_CONVERSION = YES;
				CLANG_WARN_DEPRECATED_OBJC_IMPLEMENTATIONS = YES;
				CLANG_WARN_DIRECT_OBJC_ISA_USAGE = YES_ERROR;
				CLANG_WARN_DOCUMENTATION_COMMENTS = YES;
				CLANG_WARN_EMPTY_BODY = YES;
				CLANG_WARN_ENUM_CONVERSION = YES;
				CLANG_WARN_INFINITE_RECURSION = YES;
				CLANG_WARN_INT_CONVERSION = YES;
				CLANG_WARN_NON_LITERAL_NULL_CONVERSION = YES;
				CLANG_WARN_OBJC_IMPLICIT_RETAIN_SELF = YES;
				CLANG_WARN_OBJC_LITERAL_CONVERSION = YES;
				CLANG_WARN_OBJC_ROOT_CLASS = YES_ERROR;
				CLANG_WARN_QUOTED_INCLUDE_IN_FRAMEWORK_HEADER = YES;
				CLANG_WARN_RANGE_LOOP_ANALYSIS = YES;
				CLANG_WARN_STRICT_PROTOTYPES = YES;
				CLANG_WARN_SUSPICIOUS_MOVE = YES;
				CLANG_WARN_UNGUARDED_AVAILABILITY = YES_AGGRESSIVE;
				CLANG_WARN_UNREACHABLE_CODE = YES;
				CLANG_WARN__DUPLICATE_METHOD_MATCH = YES;
				COPY_PHASE_STRIP = NO;
				DEBUG_INFORMATION_FORMAT = dwarf;
				ENABLE_STRICT_OBJC_MSGSEND = YES;
				ENABLE_TESTABILITY = YES;
				GCC_C_LANGUAGE_STANDARD = gnu11;
				GCC_DYNAMIC_NO_PIC = NO;
				GCC_NO_COMMON_BLOCKS = YES;
				GCC_OPTIMIZATION_LEVEL = 0;
				GCC_PREPROCESSOR_DEFINITIONS = (
					"DEBUG=1",
					"$(inherited)",
				);
				GCC_WARN_64_TO_32_BIT_CONVERSION = YES;
				GCC_WARN_ABOUT_RETURN_TYPE = YES_ERROR;
				GCC_WARN_UNDECLARED_SELECTOR = YES;
				GCC_WARN_UNINITIALIZED_AUTOS = YES_AGGRESSIVE;
				GCC_WARN_UNUSED_FUNCTION = YES;
				GCC_WARN_UNUSED_VARIABLE = YES;
				IPHONEOS_DEPLOYMENT_TARGET = 16.4;
				MTL_ENABLE_DEBUG_INFO = INCLUDE_SOURCE;
				MTL_FAST_MATH = YES;
				ONLY_ACTIVE_ARCH = YES;
				SDKROOT = iphoneos;
				SWIFT_ACTIVE_COMPILATION_CONDITIONS = DEBUG;
				SWIFT_OPTIMIZATION_LEVEL = "-Onone";
			};
			name = Debug;
		};
		52EF38802A72125700446F31 /* Release */ = {
			isa = XCBuildConfiguration;
			buildSettings = {
				ALWAYS_SEARCH_USER_PATHS = NO;
				CLANG_ANALYZER_NONNULL = YES;
				CLANG_ANALYZER_NUMBER_OBJECT_CONVERSION = YES_AGGRESSIVE;
				CLANG_CXX_LANGUAGE_STANDARD = "gnu++20";
				CLANG_ENABLE_MODULES = YES;
				CLANG_ENABLE_OBJC_ARC = YES;
				CLANG_ENABLE_OBJC_WEAK = YES;
				CLANG_WARN_BLOCK_CAPTURE_AUTORELEASING = YES;
				CLANG_WARN_BOOL_CONVERSION = YES;
				CLANG_WARN_COMMA = YES;
				CLANG_WARN_CONSTANT_CONVERSION = YES;
				CLANG_WARN_DEPRECATED_OBJC_IMPLEMENTATIONS = YES;
				CLANG_WARN_DIRECT_OBJC_ISA_USAGE = YES_ERROR;
				CLANG_WARN_DOCUMENTATION_COMMENTS = YES;
				CLANG_WARN_EMPTY_BODY = YES;
				CLANG_WARN_ENUM_CONVERSION = YES;
				CLANG_WARN_INFINITE_RECURSION = YES;
				CLANG_WARN_INT_CONVERSION = YES;
				CLANG_WARN_NON_LITERAL_NULL_CONVERSION = YES;
				CLANG_WARN_OBJC_IMPLICIT_RETAIN_SELF = YES;
				CLANG_WARN_OBJC_LITERAL_CONVERSION = YES;
				CLANG_WARN_OBJC_ROOT_CLASS = YES_ERROR;
				CLANG_WARN_QUOTED_INCLUDE_IN_FRAMEWORK_HEADER = YES;
				CLANG_WARN_RANGE_LOOP_ANALYSIS = YES;
				CLANG_WARN_STRICT_PROTOTYPES = YES;
				CLANG_WARN_SUSPICIOUS_MOVE = YES;
				CLANG_WARN_UNGUARDED_AVAILABILITY = YES_AGGRESSIVE;
				CLANG_WARN_UNREACHABLE_CODE = YES;
				CLANG_WARN__DUPLICATE_METHOD_MATCH = YES;
				COPY_PHASE_STRIP = NO;
				DEBUG_INFORMATION_FORMAT = "dwarf-with-dsym";
				ENABLE_NS_ASSERTIONS = NO;
				ENABLE_STRICT_OBJC_MSGSEND = YES;
				GCC_C_LANGUAGE_STANDARD = gnu11;
				GCC_NO_COMMON_BLOCKS = YES;
				GCC_WARN_64_TO_32_BIT_CONVERSION = YES;
				GCC_WARN_ABOUT_RETURN_TYPE = YES_ERROR;
				GCC_WARN_UNDECLARED_SELECTOR = YES;
				GCC_WARN_UNINITIALIZED_AUTOS = YES_AGGRESSIVE;
				GCC_WARN_UNUSED_FUNCTION = YES;
				GCC_WARN_UNUSED_VARIABLE = YES;
				IPHONEOS_DEPLOYMENT_TARGET = 16.4;
				MTL_ENABLE_DEBUG_INFO = NO;
				MTL_FAST_MATH = YES;
				SDKROOT = iphoneos;
				SWIFT_COMPILATION_MODE = wholemodule;
				SWIFT_OPTIMIZATION_LEVEL = "-O";
				VALIDATE_PRODUCT = YES;
			};
			name = Release;
		};
		52EF38822A72125700446F31 /* Debug */ = {
			isa = XCBuildConfiguration;
			baseConfigurationReference = DC968D2C60741F3CBD7BE4F4 /* Pods-Laza.debug.xcconfig */;
			buildSettings = {
				ASSETCATALOG_COMPILER_APPICON_NAME = AppIcon;
				ASSETCATALOG_COMPILER_GLOBAL_ACCENT_COLOR_NAME = AccentColor;
				CODE_SIGN_STYLE = Automatic;
				CURRENT_PROJECT_VERSION = 1;
				GENERATE_INFOPLIST_FILE = YES;
				INFOPLIST_FILE = Laza/Info.plist;
				INFOPLIST_KEY_UIApplicationSupportsIndirectInputEvents = YES;
				INFOPLIST_KEY_UILaunchStoryboardName = LaunchScreen;
				INFOPLIST_KEY_UIMainStoryboardFile = Main;
				INFOPLIST_KEY_UISupportedInterfaceOrientations_iPad = "UIInterfaceOrientationPortrait UIInterfaceOrientationPortraitUpsideDown UIInterfaceOrientationLandscapeLeft UIInterfaceOrientationLandscapeRight";
				INFOPLIST_KEY_UISupportedInterfaceOrientations_iPhone = "UIInterfaceOrientationPortrait UIInterfaceOrientationLandscapeLeft UIInterfaceOrientationLandscapeRight";
				LD_RUNPATH_SEARCH_PATHS = (
					"$(inherited)",
					"@executable_path/Frameworks",
				);
				MARKETING_VERSION = 1.0;
				PRODUCT_BUNDLE_IDENTIFIER = MS.Laza;
				PRODUCT_NAME = "$(TARGET_NAME)";
				SWIFT_EMIT_LOC_STRINGS = YES;
				SWIFT_VERSION = 5.0;
				TARGETED_DEVICE_FAMILY = "1,2";
			};
			name = Debug;
		};
		52EF38832A72125700446F31 /* Release */ = {
			isa = XCBuildConfiguration;
			baseConfigurationReference = DA10B5503970B0BDB046E663 /* Pods-Laza.release.xcconfig */;
			buildSettings = {
				ASSETCATALOG_COMPILER_APPICON_NAME = AppIcon;
				ASSETCATALOG_COMPILER_GLOBAL_ACCENT_COLOR_NAME = AccentColor;
				CODE_SIGN_STYLE = Automatic;
				CURRENT_PROJECT_VERSION = 1;
				GENERATE_INFOPLIST_FILE = YES;
				INFOPLIST_FILE = Laza/Info.plist;
				INFOPLIST_KEY_UIApplicationSupportsIndirectInputEvents = YES;
				INFOPLIST_KEY_UILaunchStoryboardName = LaunchScreen;
				INFOPLIST_KEY_UIMainStoryboardFile = Main;
				INFOPLIST_KEY_UISupportedInterfaceOrientations_iPad = "UIInterfaceOrientationPortrait UIInterfaceOrientationPortraitUpsideDown UIInterfaceOrientationLandscapeLeft UIInterfaceOrientationLandscapeRight";
				INFOPLIST_KEY_UISupportedInterfaceOrientations_iPhone = "UIInterfaceOrientationPortrait UIInterfaceOrientationLandscapeLeft UIInterfaceOrientationLandscapeRight";
				LD_RUNPATH_SEARCH_PATHS = (
					"$(inherited)",
					"@executable_path/Frameworks",
				);
				MARKETING_VERSION = 1.0;
				PRODUCT_BUNDLE_IDENTIFIER = MS.Laza;
				PRODUCT_NAME = "$(TARGET_NAME)";
				SWIFT_EMIT_LOC_STRINGS = YES;
				SWIFT_VERSION = 5.0;
				TARGETED_DEVICE_FAMILY = "1,2";
			};
			name = Release;
		};
/* End XCBuildConfiguration section */

/* Begin XCConfigurationList section */
		52EF38652A72125400446F31 /* Build configuration list for PBXProject "Laza" */ = {
			isa = XCConfigurationList;
			buildConfigurations = (
				52EF387F2A72125700446F31 /* Debug */,
				52EF38802A72125700446F31 /* Release */,
			);
			defaultConfigurationIsVisible = 0;
			defaultConfigurationName = Release;
		};
		52EF38812A72125700446F31 /* Build configuration list for PBXNativeTarget "Laza" */ = {
			isa = XCConfigurationList;
			buildConfigurations = (
				52EF38822A72125700446F31 /* Debug */,
				52EF38832A72125700446F31 /* Release */,
			);
			defaultConfigurationIsVisible = 0;
			defaultConfigurationName = Release;
		};
/* End XCConfigurationList section */

/* Begin XCRemoteSwiftPackageReference section */
		52241F6E2A84772D00E42C11 /* XCRemoteSwiftPackageReference "SnackBar" */ = {
			isa = XCRemoteSwiftPackageReference;
			repositoryURL = "https://github.com/ahmedAlmasri/SnackBar.swift";
			requirement = {
				kind = upToNextMajorVersion;
				minimumVersion = 0.1.2;
			};
		};
		52527E422A7A2AAA00CDAD49 /* XCRemoteSwiftPackageReference "SideMenu" */ = {
			isa = XCRemoteSwiftPackageReference;
			repositoryURL = "https://github.com/jonkykong/SideMenu";
			requirement = {
				kind = upToNextMajorVersion;
				minimumVersion = 6.0.0;
			};
		};
		527B77212A8B457C00FE04BA /* XCRemoteSwiftPackageReference "DPOTPView" */ = {
			isa = XCRemoteSwiftPackageReference;
			repositoryURL = "https://github.com/Datt1994/DPOTPView";
			requirement = {
				kind = upToNextMajorVersion;
				minimumVersion = 1.0.0;
			};
		};
		52B277DE2A82893600614179 /* XCRemoteSwiftPackageReference "SDWebImage" */ = {
			isa = XCRemoteSwiftPackageReference;
			repositoryURL = "https://github.com/SDWebImage/SDWebImage";
			requirement = {
				kind = upToNextMajorVersion;
				minimumVersion = 5.0.0;
			};
		};
		52B3F7C12A86197100F1CCED /* XCRemoteSwiftPackageReference "Cosmos" */ = {
			isa = XCRemoteSwiftPackageReference;
			repositoryURL = "https://github.com/evgenyneu/Cosmos.git";
			requirement = {
				kind = upToNextMajorVersion;
				minimumVersion = 23.0.0;
			};
		};
/* End XCRemoteSwiftPackageReference section */

/* Begin XCSwiftPackageProductDependency section */
		52241F6F2A84772D00E42C11 /* SnackBar */ = {
			isa = XCSwiftPackageProductDependency;
			package = 52241F6E2A84772D00E42C11 /* XCRemoteSwiftPackageReference "SnackBar" */;
			productName = SnackBar;
		};
		52527E432A7A2AAA00CDAD49 /* SideMenu */ = {
			isa = XCSwiftPackageProductDependency;
			package = 52527E422A7A2AAA00CDAD49 /* XCRemoteSwiftPackageReference "SideMenu" */;
			productName = SideMenu;
		};
		527B77222A8B457C00FE04BA /* DPOTPView */ = {
			isa = XCSwiftPackageProductDependency;
			package = 527B77212A8B457C00FE04BA /* XCRemoteSwiftPackageReference "DPOTPView" */;
			productName = DPOTPView;
		};
		52B277DF2A82893600614179 /* SDWebImage */ = {
			isa = XCSwiftPackageProductDependency;
			package = 52B277DE2A82893600614179 /* XCRemoteSwiftPackageReference "SDWebImage" */;
			productName = SDWebImage;
		};
		52B277E12A82893600614179 /* SDWebImageMapKit */ = {
			isa = XCSwiftPackageProductDependency;
			package = 52B277DE2A82893600614179 /* XCRemoteSwiftPackageReference "SDWebImage" */;
			productName = SDWebImageMapKit;
		};
		52B3F7C22A86197100F1CCED /* Cosmos */ = {
			isa = XCSwiftPackageProductDependency;
			package = 52B3F7C12A86197100F1CCED /* XCRemoteSwiftPackageReference "Cosmos" */;
			productName = Cosmos;
		};
/* End XCSwiftPackageProductDependency section */

/* Begin XCVersionGroup section */
		52EF38762A72125400446F31 /* Laza.xcdatamodeld */ = {
			isa = XCVersionGroup;
			children = (
				52EF38772A72125400446F31 /* Laza.xcdatamodel */,
			);
			currentVersion = 52EF38772A72125400446F31 /* Laza.xcdatamodel */;
			path = Laza.xcdatamodeld;
			sourceTree = "<group>";
			versionGroupType = wrapper.xcdatamodel;
		};
/* End XCVersionGroup section */
	};
	rootObject = 52EF38622A72125400446F31 /* Project object */;
}
