// !$*UTF8*$!
{
	archiveVersion = 1;
	classes = {
	};
	objectVersion = 56;
	objects = {

/* Begin PBXBuildFile section */
		52134B9D2A7477E100B87588 /* UserDefault.swift in Sources */ = {isa = PBXBuildFile; fileRef = 52134B9C2A7477E100B87588 /* UserDefault.swift */; };
		52134B9F2A7486BC00B87588 /* ProfileViewController.swift in Sources */ = {isa = PBXBuildFile; fileRef = 52134B9E2A7486BC00B87588 /* ProfileViewController.swift */; };
		523AD8E72A739E41005FACAD /* ProductCollectionViewCell.xib in Resources */ = {isa = PBXBuildFile; fileRef = 523AD8E52A739E41005FACAD /* ProductCollectionViewCell.xib */; };
		523AD8E92A73B16D005FACAD /* UserModel.swift in Sources */ = {isa = PBXBuildFile; fileRef = 523AD8E82A73B16D005FACAD /* UserModel.swift */; };
		523AD8EC2A73B327005FACAD /* BrandCollectionViewCell.swift in Sources */ = {isa = PBXBuildFile; fileRef = 523AD8EA2A73B327005FACAD /* BrandCollectionViewCell.swift */; };
		523AD8ED2A73B327005FACAD /* BrandCollectionViewCell.xib in Resources */ = {isa = PBXBuildFile; fileRef = 523AD8EB2A73B327005FACAD /* BrandCollectionViewCell.xib */; };
		523AD8EF2A73B43D005FACAD /* DetailViewController.swift in Sources */ = {isa = PBXBuildFile; fileRef = 523AD8EE2A73B43D005FACAD /* DetailViewController.swift */; };
		523AD8F12A73B44B005FACAD /* Detail.storyboard in Resources */ = {isa = PBXBuildFile; fileRef = 523AD8F02A73B44B005FACAD /* Detail.storyboard */; };
		526757702A723DBE000BB555 /* ShopModel.swift in Sources */ = {isa = PBXBuildFile; fileRef = 5267576F2A723DBE000BB555 /* ShopModel.swift */; };
		526757782A726DC3000BB555 /* ProductCollectionViewCell.swift in Sources */ = {isa = PBXBuildFile; fileRef = 526757762A726DC3000BB555 /* ProductCollectionViewCell.swift */; };
		52EF386E2A72125400446F31 /* AppDelegate.swift in Sources */ = {isa = PBXBuildFile; fileRef = 52EF386D2A72125400446F31 /* AppDelegate.swift */; };
		52EF38702A72125400446F31 /* SceneDelegate.swift in Sources */ = {isa = PBXBuildFile; fileRef = 52EF386F2A72125400446F31 /* SceneDelegate.swift */; };
		52EF38782A72125400446F31 /* Laza.xcdatamodeld in Sources */ = {isa = PBXBuildFile; fileRef = 52EF38762A72125400446F31 /* Laza.xcdatamodeld */; };
		52EF38882A72146B00446F31 /* LaunchScreen.storyboard in Resources */ = {isa = PBXBuildFile; fileRef = 52EF38872A72146B00446F31 /* LaunchScreen.storyboard */; };
		52EF388A2A72148200446F31 /* loginWith.storyboard in Resources */ = {isa = PBXBuildFile; fileRef = 52EF38892A72148200446F31 /* loginWith.storyboard */; };
		52EF388C2A72148800446F31 /* SignUp.storyboard in Resources */ = {isa = PBXBuildFile; fileRef = 52EF388B2A72148800446F31 /* SignUp.storyboard */; };
		52EF388E2A72148D00446F31 /* Welcome.storyboard in Resources */ = {isa = PBXBuildFile; fileRef = 52EF388D2A72148D00446F31 /* Welcome.storyboard */; };
		52EF38902A72149200446F31 /* TabBar.storyboard in Resources */ = {isa = PBXBuildFile; fileRef = 52EF388F2A72149200446F31 /* TabBar.storyboard */; };
		52EF38942A7214CC00446F31 /* ViewController.swift in Sources */ = {isa = PBXBuildFile; fileRef = 52EF38932A7214CC00446F31 /* ViewController.swift */; };
		52EF389A2A7214D600446F31 /* WelcomeViewController.swift in Sources */ = {isa = PBXBuildFile; fileRef = 52EF38962A7214D500446F31 /* WelcomeViewController.swift */; };
		52EF389B2A7214D600446F31 /* SignUpViewController.swift in Sources */ = {isa = PBXBuildFile; fileRef = 52EF38972A7214D500446F31 /* SignUpViewController.swift */; };
		52EF389C2A7214D600446F31 /* LoginViewController.swift in Sources */ = {isa = PBXBuildFile; fileRef = 52EF38982A7214D600446F31 /* LoginViewController.swift */; };
		52EF389E2A72150D00446F31 /* Main.storyboard in Resources */ = {isa = PBXBuildFile; fileRef = 52EF389D2A72150C00446F31 /* Main.storyboard */; };
		52EF38A02A72152900446F31 /* Assets.xcassets in Resources */ = {isa = PBXBuildFile; fileRef = 52EF389F2A72152900446F31 /* Assets.xcassets */; };
		52EF38A22A72163900446F31 /* ForgotPassword.storyboard in Resources */ = {isa = PBXBuildFile; fileRef = 52EF38A12A72163900446F31 /* ForgotPassword.storyboard */; };
		52EF38A42A72165E00446F31 /* ForgotPwdViewController.swift in Sources */ = {isa = PBXBuildFile; fileRef = 52EF38A32A72165E00446F31 /* ForgotPwdViewController.swift */; };
		52EF38A82A7225BF00446F31 /* TabBarViewController.swift in Sources */ = {isa = PBXBuildFile; fileRef = 52EF38A72A7225BF00446F31 /* TabBarViewController.swift */; };
		52EF38AA2A7229D300446F31 /* HomeViewController.swift in Sources */ = {isa = PBXBuildFile; fileRef = 52EF38A92A7229D300446F31 /* HomeViewController.swift */; };
/* End PBXBuildFile section */

/* Begin PBXFileReference section */
		52134B9C2A7477E100B87588 /* UserDefault.swift */ = {isa = PBXFileReference; lastKnownFileType = sourcecode.swift; path = UserDefault.swift; sourceTree = "<group>"; };
		52134B9E2A7486BC00B87588 /* ProfileViewController.swift */ = {isa = PBXFileReference; lastKnownFileType = sourcecode.swift; path = ProfileViewController.swift; sourceTree = "<group>"; };
		523AD8E52A739E41005FACAD /* ProductCollectionViewCell.xib */ = {isa = PBXFileReference; lastKnownFileType = file.xib; path = ProductCollectionViewCell.xib; sourceTree = "<group>"; };
		523AD8E82A73B16D005FACAD /* UserModel.swift */ = {isa = PBXFileReference; lastKnownFileType = sourcecode.swift; path = UserModel.swift; sourceTree = "<group>"; };
		523AD8EA2A73B327005FACAD /* BrandCollectionViewCell.swift */ = {isa = PBXFileReference; lastKnownFileType = sourcecode.swift; path = BrandCollectionViewCell.swift; sourceTree = "<group>"; };
		523AD8EB2A73B327005FACAD /* BrandCollectionViewCell.xib */ = {isa = PBXFileReference; lastKnownFileType = file.xib; path = BrandCollectionViewCell.xib; sourceTree = "<group>"; };
		523AD8EE2A73B43D005FACAD /* DetailViewController.swift */ = {isa = PBXFileReference; lastKnownFileType = sourcecode.swift; path = DetailViewController.swift; sourceTree = "<group>"; };
		523AD8F02A73B44B005FACAD /* Detail.storyboard */ = {isa = PBXFileReference; lastKnownFileType = file.storyboard; path = Detail.storyboard; sourceTree = "<group>"; };
		5267576F2A723DBE000BB555 /* ShopModel.swift */ = {isa = PBXFileReference; lastKnownFileType = sourcecode.swift; path = ShopModel.swift; sourceTree = "<group>"; };
		526757762A726DC3000BB555 /* ProductCollectionViewCell.swift */ = {isa = PBXFileReference; lastKnownFileType = sourcecode.swift; path = ProductCollectionViewCell.swift; sourceTree = "<group>"; };
		52EF386A2A72125400446F31 /* Laza.app */ = {isa = PBXFileReference; explicitFileType = wrapper.application; includeInIndex = 0; path = Laza.app; sourceTree = BUILT_PRODUCTS_DIR; };
		52EF386D2A72125400446F31 /* AppDelegate.swift */ = {isa = PBXFileReference; lastKnownFileType = sourcecode.swift; path = AppDelegate.swift; sourceTree = "<group>"; };
		52EF386F2A72125400446F31 /* SceneDelegate.swift */ = {isa = PBXFileReference; lastKnownFileType = sourcecode.swift; path = SceneDelegate.swift; sourceTree = "<group>"; };
		52EF38772A72125400446F31 /* Laza.xcdatamodel */ = {isa = PBXFileReference; lastKnownFileType = wrapper.xcdatamodel; path = Laza.xcdatamodel; sourceTree = "<group>"; };
		52EF387E2A72125700446F31 /* Info.plist */ = {isa = PBXFileReference; lastKnownFileType = text.plist.xml; path = Info.plist; sourceTree = "<group>"; };
		52EF38872A72146B00446F31 /* LaunchScreen.storyboard */ = {isa = PBXFileReference; fileEncoding = 4; lastKnownFileType = file.storyboard; path = LaunchScreen.storyboard; sourceTree = "<group>"; };
		52EF38892A72148200446F31 /* loginWith.storyboard */ = {isa = PBXFileReference; fileEncoding = 4; lastKnownFileType = file.storyboard; path = loginWith.storyboard; sourceTree = "<group>"; };
		52EF388B2A72148800446F31 /* SignUp.storyboard */ = {isa = PBXFileReference; fileEncoding = 4; lastKnownFileType = file.storyboard; path = SignUp.storyboard; sourceTree = "<group>"; };
		52EF388D2A72148D00446F31 /* Welcome.storyboard */ = {isa = PBXFileReference; fileEncoding = 4; lastKnownFileType = file.storyboard; path = Welcome.storyboard; sourceTree = "<group>"; };
		52EF388F2A72149200446F31 /* TabBar.storyboard */ = {isa = PBXFileReference; fileEncoding = 4; lastKnownFileType = file.storyboard; path = TabBar.storyboard; sourceTree = "<group>"; };
		52EF38932A7214CC00446F31 /* ViewController.swift */ = {isa = PBXFileReference; fileEncoding = 4; lastKnownFileType = sourcecode.swift; path = ViewController.swift; sourceTree = "<group>"; };
		52EF38962A7214D500446F31 /* WelcomeViewController.swift */ = {isa = PBXFileReference; fileEncoding = 4; lastKnownFileType = sourcecode.swift; path = WelcomeViewController.swift; sourceTree = "<group>"; };
		52EF38972A7214D500446F31 /* SignUpViewController.swift */ = {isa = PBXFileReference; fileEncoding = 4; lastKnownFileType = sourcecode.swift; path = SignUpViewController.swift; sourceTree = "<group>"; };
		52EF38982A7214D600446F31 /* LoginViewController.swift */ = {isa = PBXFileReference; fileEncoding = 4; lastKnownFileType = sourcecode.swift; path = LoginViewController.swift; sourceTree = "<group>"; };
		52EF389D2A72150C00446F31 /* Main.storyboard */ = {isa = PBXFileReference; fileEncoding = 4; lastKnownFileType = file.storyboard; path = Main.storyboard; sourceTree = "<group>"; };
		52EF389F2A72152900446F31 /* Assets.xcassets */ = {isa = PBXFileReference; lastKnownFileType = folder.assetcatalog; path = Assets.xcassets; sourceTree = "<group>"; };
		52EF38A12A72163900446F31 /* ForgotPassword.storyboard */ = {isa = PBXFileReference; lastKnownFileType = file.storyboard; path = ForgotPassword.storyboard; sourceTree = "<group>"; };
		52EF38A32A72165E00446F31 /* ForgotPwdViewController.swift */ = {isa = PBXFileReference; lastKnownFileType = sourcecode.swift; path = ForgotPwdViewController.swift; sourceTree = "<group>"; };
		52EF38A72A7225BF00446F31 /* TabBarViewController.swift */ = {isa = PBXFileReference; lastKnownFileType = sourcecode.swift; path = TabBarViewController.swift; sourceTree = "<group>"; };
		52EF38A92A7229D300446F31 /* HomeViewController.swift */ = {isa = PBXFileReference; lastKnownFileType = sourcecode.swift; path = HomeViewController.swift; sourceTree = "<group>"; };
/* End PBXFileReference section */

/* Begin PBXFrameworksBuildPhase section */
		52EF38672A72125400446F31 /* Frameworks */ = {
			isa = PBXFrameworksBuildPhase;
			buildActionMask = 2147483647;
			files = (
			);
			runOnlyForDeploymentPostprocessing = 0;
		};
/* End PBXFrameworksBuildPhase section */

/* Begin PBXGroup section */
		526757712A72470B000BB555 /* Model */ = {
			isa = PBXGroup;
			children = (
				5267576F2A723DBE000BB555 /* ShopModel.swift */,
				523AD8E82A73B16D005FACAD /* UserModel.swift */,
			);
			path = Model;
			sourceTree = "<group>";
		};
		52EF38612A72125400446F31 = {
			isa = PBXGroup;
			children = (
				52EF386C2A72125400446F31 /* Laza */,
				52EF386B2A72125400446F31 /* Products */,
			);
			sourceTree = "<group>";
		};
		52EF386B2A72125400446F31 /* Products */ = {
			isa = PBXGroup;
			children = (
				52EF386A2A72125400446F31 /* Laza.app */,
			);
			name = Products;
			sourceTree = "<group>";
		};
		52EF386C2A72125400446F31 /* Laza */ = {
			isa = PBXGroup;
			children = (
				526757712A72470B000BB555 /* Model */,
				52EF38922A7214B100446F31 /* Controller */,
				52EF38912A72149700446F31 /* View */,
				52EF386D2A72125400446F31 /* AppDelegate.swift */,
				52EF386F2A72125400446F31 /* SceneDelegate.swift */,
				52EF387E2A72125700446F31 /* Info.plist */,
				52EF38762A72125400446F31 /* Laza.xcdatamodeld */,
				52EF389F2A72152900446F31 /* Assets.xcassets */,
				523AD8EA2A73B327005FACAD /* BrandCollectionViewCell.swift */,
				523AD8EB2A73B327005FACAD /* BrandCollectionViewCell.xib */,
				52134B9C2A7477E100B87588 /* UserDefault.swift */,
			);
			path = Laza;
			sourceTree = "<group>";
		};
		52EF38912A72149700446F31 /* View */ = {
			isa = PBXGroup;
			children = (
				52EF389D2A72150C00446F31 /* Main.storyboard */,
				52EF38872A72146B00446F31 /* LaunchScreen.storyboard */,
				52EF38892A72148200446F31 /* loginWith.storyboard */,
				52EF388B2A72148800446F31 /* SignUp.storyboard */,
				52EF388D2A72148D00446F31 /* Welcome.storyboard */,
				52EF388F2A72149200446F31 /* TabBar.storyboard */,
				52EF38A12A72163900446F31 /* ForgotPassword.storyboard */,
				523AD8E52A739E41005FACAD /* ProductCollectionViewCell.xib */,
				523AD8F02A73B44B005FACAD /* Detail.storyboard */,
			);
			path = View;
			sourceTree = "<group>";
		};
		52EF38922A7214B100446F31 /* Controller */ = {
			isa = PBXGroup;
			children = (
				52EF38932A7214CC00446F31 /* ViewController.swift */,
				52EF38972A7214D500446F31 /* SignUpViewController.swift */,
				52EF38982A7214D600446F31 /* LoginViewController.swift */,
				52EF38962A7214D500446F31 /* WelcomeViewController.swift */,
				52EF38A32A72165E00446F31 /* ForgotPwdViewController.swift */,
				52EF38A72A7225BF00446F31 /* TabBarViewController.swift */,
				52EF38A92A7229D300446F31 /* HomeViewController.swift */,
				526757762A726DC3000BB555 /* ProductCollectionViewCell.swift */,
				523AD8EE2A73B43D005FACAD /* DetailViewController.swift */,
				52134B9E2A7486BC00B87588 /* ProfileViewController.swift */,
			);
			path = Controller;
			sourceTree = "<group>";
		};
/* End PBXGroup section */

/* Begin PBXNativeTarget section */
		52EF38692A72125400446F31 /* Laza */ = {
			isa = PBXNativeTarget;
			buildConfigurationList = 52EF38812A72125700446F31 /* Build configuration list for PBXNativeTarget "Laza" */;
			buildPhases = (
				52EF38662A72125400446F31 /* Sources */,
				52EF38672A72125400446F31 /* Frameworks */,
				52EF38682A72125400446F31 /* Resources */,
			);
			buildRules = (
			);
			dependencies = (
			);
			name = Laza;
			productName = Laza;
			productReference = 52EF386A2A72125400446F31 /* Laza.app */;
			productType = "com.apple.product-type.application";
		};
/* End PBXNativeTarget section */

/* Begin PBXProject section */
		52EF38622A72125400446F31 /* Project object */ = {
			isa = PBXProject;
			attributes = {
				BuildIndependentTargetsInParallel = 1;
				LastSwiftUpdateCheck = 1430;
				LastUpgradeCheck = 1430;
				TargetAttributes = {
					52EF38692A72125400446F31 = {
						CreatedOnToolsVersion = 14.3.1;
					};
				};
			};
			buildConfigurationList = 52EF38652A72125400446F31 /* Build configuration list for PBXProject "Laza" */;
			compatibilityVersion = "Xcode 14.0";
			developmentRegion = en;
			hasScannedForEncodings = 0;
			knownRegions = (
				en,
				Base,
			);
			mainGroup = 52EF38612A72125400446F31;
			productRefGroup = 52EF386B2A72125400446F31 /* Products */;
			projectDirPath = "";
			projectRoot = "";
			targets = (
				52EF38692A72125400446F31 /* Laza */,
			);
		};
/* End PBXProject section */

/* Begin PBXResourcesBuildPhase section */
		52EF38682A72125400446F31 /* Resources */ = {
			isa = PBXResourcesBuildPhase;
			buildActionMask = 2147483647;
			files = (
				52EF389E2A72150D00446F31 /* Main.storyboard in Resources */,
				52EF38902A72149200446F31 /* TabBar.storyboard in Resources */,
				523AD8ED2A73B327005FACAD /* BrandCollectionViewCell.xib in Resources */,
				523AD8E72A739E41005FACAD /* ProductCollectionViewCell.xib in Resources */,
				523AD8F12A73B44B005FACAD /* Detail.storyboard in Resources */,
				52EF388A2A72148200446F31 /* loginWith.storyboard in Resources */,
				52EF38882A72146B00446F31 /* LaunchScreen.storyboard in Resources */,
				52EF38A22A72163900446F31 /* ForgotPassword.storyboard in Resources */,
				52EF38A02A72152900446F31 /* Assets.xcassets in Resources */,
				52EF388C2A72148800446F31 /* SignUp.storyboard in Resources */,
				52EF388E2A72148D00446F31 /* Welcome.storyboard in Resources */,
			);
			runOnlyForDeploymentPostprocessing = 0;
		};
/* End PBXResourcesBuildPhase section */

/* Begin PBXSourcesBuildPhase section */
		52EF38662A72125400446F31 /* Sources */ = {
			isa = PBXSourcesBuildPhase;
			buildActionMask = 2147483647;
			files = (
				52134B9D2A7477E100B87588 /* UserDefault.swift in Sources */,
				523AD8EC2A73B327005FACAD /* BrandCollectionViewCell.swift in Sources */,
				52EF389B2A7214D600446F31 /* SignUpViewController.swift in Sources */,
				52EF38782A72125400446F31 /* Laza.xcdatamodeld in Sources */,
				52EF386E2A72125400446F31 /* AppDelegate.swift in Sources */,
				52EF389C2A7214D600446F31 /* LoginViewController.swift in Sources */,
				52EF38A82A7225BF00446F31 /* TabBarViewController.swift in Sources */,
				52134B9F2A7486BC00B87588 /* ProfileViewController.swift in Sources */,
				523AD8E92A73B16D005FACAD /* UserModel.swift in Sources */,
				52EF38AA2A7229D300446F31 /* HomeViewController.swift in Sources */,
				526757702A723DBE000BB555 /* ShopModel.swift in Sources */,
				52EF38A42A72165E00446F31 /* ForgotPwdViewController.swift in Sources */,
				52EF389A2A7214D600446F31 /* WelcomeViewController.swift in Sources */,
				52EF38942A7214CC00446F31 /* ViewController.swift in Sources */,
				523AD8EF2A73B43D005FACAD /* DetailViewController.swift in Sources */,
				526757782A726DC3000BB555 /* ProductCollectionViewCell.swift in Sources */,
				52EF38702A72125400446F31 /* SceneDelegate.swift in Sources */,
			);
			runOnlyForDeploymentPostprocessing = 0;
		};
/* End PBXSourcesBuildPhase section */

/* Begin XCBuildConfiguration section */
		52EF387F2A72125700446F31 /* Debug */ = {
			isa = XCBuildConfiguration;
			buildSettings = {
				ALWAYS_SEARCH_USER_PATHS = NO;
				CLANG_ANALYZER_NONNULL = YES;
				CLANG_ANALYZER_NUMBER_OBJECT_CONVERSION = YES_AGGRESSIVE;
				CLANG_CXX_LANGUAGE_STANDARD = "gnu++20";
				CLANG_ENABLE_MODULES = YES;
				CLANG_ENABLE_OBJC_ARC = YES;
				CLANG_ENABLE_OBJC_WEAK = YES;
				CLANG_WARN_BLOCK_CAPTURE_AUTORELEASING = YES;
				CLANG_WARN_BOOL_CONVERSION = YES;
				CLANG_WARN_COMMA = YES;
				CLANG_WARN_CONSTANT_CONVERSION = YES;
				CLANG_WARN_DEPRECATED_OBJC_IMPLEMENTATIONS = YES;
				CLANG_WARN_DIRECT_OBJC_ISA_USAGE = YES_ERROR;
				CLANG_WARN_DOCUMENTATION_COMMENTS = YES;
				CLANG_WARN_EMPTY_BODY = YES;
				CLANG_WARN_ENUM_CONVERSION = YES;
				CLANG_WARN_INFINITE_RECURSION = YES;
				CLANG_WARN_INT_CONVERSION = YES;
				CLANG_WARN_NON_LITERAL_NULL_CONVERSION = YES;
				CLANG_WARN_OBJC_IMPLICIT_RETAIN_SELF = YES;
				CLANG_WARN_OBJC_LITERAL_CONVERSION = YES;
				CLANG_WARN_OBJC_ROOT_CLASS = YES_ERROR;
				CLANG_WARN_QUOTED_INCLUDE_IN_FRAMEWORK_HEADER = YES;
				CLANG_WARN_RANGE_LOOP_ANALYSIS = YES;
				CLANG_WARN_STRICT_PROTOTYPES = YES;
				CLANG_WARN_SUSPICIOUS_MOVE = YES;
				CLANG_WARN_UNGUARDED_AVAILABILITY = YES_AGGRESSIVE;
				CLANG_WARN_UNREACHABLE_CODE = YES;
				CLANG_WARN__DUPLICATE_METHOD_MATCH = YES;
				COPY_PHASE_STRIP = NO;
				DEBUG_INFORMATION_FORMAT = dwarf;
				ENABLE_STRICT_OBJC_MSGSEND = YES;
				ENABLE_TESTABILITY = YES;
				GCC_C_LANGUAGE_STANDARD = gnu11;
				GCC_DYNAMIC_NO_PIC = NO;
				GCC_NO_COMMON_BLOCKS = YES;
				GCC_OPTIMIZATION_LEVEL = 0;
				GCC_PREPROCESSOR_DEFINITIONS = (
					"DEBUG=1",
					"$(inherited)",
				);
				GCC_WARN_64_TO_32_BIT_CONVERSION = YES;
				GCC_WARN_ABOUT_RETURN_TYPE = YES_ERROR;
				GCC_WARN_UNDECLARED_SELECTOR = YES;
				GCC_WARN_UNINITIALIZED_AUTOS = YES_AGGRESSIVE;
				GCC_WARN_UNUSED_FUNCTION = YES;
				GCC_WARN_UNUSED_VARIABLE = YES;
				IPHONEOS_DEPLOYMENT_TARGET = 16.4;
				MTL_ENABLE_DEBUG_INFO = INCLUDE_SOURCE;
				MTL_FAST_MATH = YES;
				ONLY_ACTIVE_ARCH = YES;
				SDKROOT = iphoneos;
				SWIFT_ACTIVE_COMPILATION_CONDITIONS = DEBUG;
				SWIFT_OPTIMIZATION_LEVEL = "-Onone";
			};
			name = Debug;
		};
		52EF38802A72125700446F31 /* Release */ = {
			isa = XCBuildConfiguration;
			buildSettings = {
				ALWAYS_SEARCH_USER_PATHS = NO;
				CLANG_ANALYZER_NONNULL = YES;
				CLANG_ANALYZER_NUMBER_OBJECT_CONVERSION = YES_AGGRESSIVE;
				CLANG_CXX_LANGUAGE_STANDARD = "gnu++20";
				CLANG_ENABLE_MODULES = YES;
				CLANG_ENABLE_OBJC_ARC = YES;
				CLANG_ENABLE_OBJC_WEAK = YES;
				CLANG_WARN_BLOCK_CAPTURE_AUTORELEASING = YES;
				CLANG_WARN_BOOL_CONVERSION = YES;
				CLANG_WARN_COMMA = YES;
				CLANG_WARN_CONSTANT_CONVERSION = YES;
				CLANG_WARN_DEPRECATED_OBJC_IMPLEMENTATIONS = YES;
				CLANG_WARN_DIRECT_OBJC_ISA_USAGE = YES_ERROR;
				CLANG_WARN_DOCUMENTATION_COMMENTS = YES;
				CLANG_WARN_EMPTY_BODY = YES;
				CLANG_WARN_ENUM_CONVERSION = YES;
				CLANG_WARN_INFINITE_RECURSION = YES;
				CLANG_WARN_INT_CONVERSION = YES;
				CLANG_WARN_NON_LITERAL_NULL_CONVERSION = YES;
				CLANG_WARN_OBJC_IMPLICIT_RETAIN_SELF = YES;
				CLANG_WARN_OBJC_LITERAL_CONVERSION = YES;
				CLANG_WARN_OBJC_ROOT_CLASS = YES_ERROR;
				CLANG_WARN_QUOTED_INCLUDE_IN_FRAMEWORK_HEADER = YES;
				CLANG_WARN_RANGE_LOOP_ANALYSIS = YES;
				CLANG_WARN_STRICT_PROTOTYPES = YES;
				CLANG_WARN_SUSPICIOUS_MOVE = YES;
				CLANG_WARN_UNGUARDED_AVAILABILITY = YES_AGGRESSIVE;
				CLANG_WARN_UNREACHABLE_CODE = YES;
				CLANG_WARN__DUPLICATE_METHOD_MATCH = YES;
				COPY_PHASE_STRIP = NO;
				DEBUG_INFORMATION_FORMAT = "dwarf-with-dsym";
				ENABLE_NS_ASSERTIONS = NO;
				ENABLE_STRICT_OBJC_MSGSEND = YES;
				GCC_C_LANGUAGE_STANDARD = gnu11;
				GCC_NO_COMMON_BLOCKS = YES;
				GCC_WARN_64_TO_32_BIT_CONVERSION = YES;
				GCC_WARN_ABOUT_RETURN_TYPE = YES_ERROR;
				GCC_WARN_UNDECLARED_SELECTOR = YES;
				GCC_WARN_UNINITIALIZED_AUTOS = YES_AGGRESSIVE;
				GCC_WARN_UNUSED_FUNCTION = YES;
				GCC_WARN_UNUSED_VARIABLE = YES;
				IPHONEOS_DEPLOYMENT_TARGET = 16.4;
				MTL_ENABLE_DEBUG_INFO = NO;
				MTL_FAST_MATH = YES;
				SDKROOT = iphoneos;
				SWIFT_COMPILATION_MODE = wholemodule;
				SWIFT_OPTIMIZATION_LEVEL = "-O";
				VALIDATE_PRODUCT = YES;
			};
			name = Release;
		};
		52EF38822A72125700446F31 /* Debug */ = {
			isa = XCBuildConfiguration;
			buildSettings = {
				ASSETCATALOG_COMPILER_APPICON_NAME = AppIcon;
				ASSETCATALOG_COMPILER_GLOBAL_ACCENT_COLOR_NAME = AccentColor;
				CODE_SIGN_STYLE = Automatic;
				CURRENT_PROJECT_VERSION = 1;
				GENERATE_INFOPLIST_FILE = YES;
				INFOPLIST_FILE = Laza/Info.plist;
				INFOPLIST_KEY_UIApplicationSupportsIndirectInputEvents = YES;
				INFOPLIST_KEY_UILaunchStoryboardName = LaunchScreen;
				INFOPLIST_KEY_UIMainStoryboardFile = Main;
				INFOPLIST_KEY_UISupportedInterfaceOrientations_iPad = "UIInterfaceOrientationPortrait UIInterfaceOrientationPortraitUpsideDown UIInterfaceOrientationLandscapeLeft UIInterfaceOrientationLandscapeRight";
				INFOPLIST_KEY_UISupportedInterfaceOrientations_iPhone = "UIInterfaceOrientationPortrait UIInterfaceOrientationLandscapeLeft UIInterfaceOrientationLandscapeRight";
				LD_RUNPATH_SEARCH_PATHS = (
					"$(inherited)",
					"@executable_path/Frameworks",
				);
				MARKETING_VERSION = 1.0;
				PRODUCT_BUNDLE_IDENTIFIER = MS.Laza;
				PRODUCT_NAME = "$(TARGET_NAME)";
				SWIFT_EMIT_LOC_STRINGS = YES;
				SWIFT_VERSION = 5.0;
				TARGETED_DEVICE_FAMILY = "1,2";
			};
			name = Debug;
		};
		52EF38832A72125700446F31 /* Release */ = {
			isa = XCBuildConfiguration;
			buildSettings = {
				ASSETCATALOG_COMPILER_APPICON_NAME = AppIcon;
				ASSETCATALOG_COMPILER_GLOBAL_ACCENT_COLOR_NAME = AccentColor;
				CODE_SIGN_STYLE = Automatic;
				CURRENT_PROJECT_VERSION = 1;
				GENERATE_INFOPLIST_FILE = YES;
				INFOPLIST_FILE = Laza/Info.plist;
				INFOPLIST_KEY_UIApplicationSupportsIndirectInputEvents = YES;
				INFOPLIST_KEY_UILaunchStoryboardName = LaunchScreen;
				INFOPLIST_KEY_UIMainStoryboardFile = Main;
				INFOPLIST_KEY_UISupportedInterfaceOrientations_iPad = "UIInterfaceOrientationPortrait UIInterfaceOrientationPortraitUpsideDown UIInterfaceOrientationLandscapeLeft UIInterfaceOrientationLandscapeRight";
				INFOPLIST_KEY_UISupportedInterfaceOrientations_iPhone = "UIInterfaceOrientationPortrait UIInterfaceOrientationLandscapeLeft UIInterfaceOrientationLandscapeRight";
				LD_RUNPATH_SEARCH_PATHS = (
					"$(inherited)",
					"@executable_path/Frameworks",
				);
				MARKETING_VERSION = 1.0;
				PRODUCT_BUNDLE_IDENTIFIER = MS.Laza;
				PRODUCT_NAME = "$(TARGET_NAME)";
				SWIFT_EMIT_LOC_STRINGS = YES;
				SWIFT_VERSION = 5.0;
				TARGETED_DEVICE_FAMILY = "1,2";
			};
			name = Release;
		};
/* End XCBuildConfiguration section */

/* Begin XCConfigurationList section */
		52EF38652A72125400446F31 /* Build configuration list for PBXProject "Laza" */ = {
			isa = XCConfigurationList;
			buildConfigurations = (
				52EF387F2A72125700446F31 /* Debug */,
				52EF38802A72125700446F31 /* Release */,
			);
			defaultConfigurationIsVisible = 0;
			defaultConfigurationName = Release;
		};
		52EF38812A72125700446F31 /* Build configuration list for PBXNativeTarget "Laza" */ = {
			isa = XCConfigurationList;
			buildConfigurations = (
				52EF38822A72125700446F31 /* Debug */,
				52EF38832A72125700446F31 /* Release */,
			);
			defaultConfigurationIsVisible = 0;
			defaultConfigurationName = Release;
		};
/* End XCConfigurationList section */

/* Begin XCVersionGroup section */
		52EF38762A72125400446F31 /* Laza.xcdatamodeld */ = {
			isa = XCVersionGroup;
			children = (
				52EF38772A72125400446F31 /* Laza.xcdatamodel */,
			);
			currentVersion = 52EF38772A72125400446F31 /* Laza.xcdatamodel */;
			path = Laza.xcdatamodeld;
			sourceTree = "<group>";
			versionGroupType = wrapper.xcdatamodel;
		};
/* End XCVersionGroup section */
	};
	rootObject = 52EF38622A72125400446F31 /* Project object */;
}
